// !$*UTF8*$!
{
	archiveVersion = 1;
	classes = {
	};
	objectVersion = 56;
	objects = {

/* Begin PBXBuildFile section */
		B61366BB2C1AC3C0006BD2C5 /* RootTabBarController.swift in Sources */ = {isa = PBXBuildFile; fileRef = B61366BA2C1AC3C0006BD2C5 /* RootTabBarController.swift */; };
		B61366BD2C1AD00B006BD2C5 /* RootTabBarFactory.swift in Sources */ = {isa = PBXBuildFile; fileRef = B61366BC2C1AD00B006BD2C5 /* RootTabBarFactory.swift */; };
		B61366C02C1AD1D9006BD2C5 /* StocksListFactory.swift in Sources */ = {isa = PBXBuildFile; fileRef = B61366BF2C1AD1D9006BD2C5 /* StocksListFactory.swift */; };
		B61366C62C1ADA9C006BD2C5 /* StocksListView.swift in Sources */ = {isa = PBXBuildFile; fileRef = B61366C52C1ADA9C006BD2C5 /* StocksListView.swift */; };
		B61366C92C217804006BD2C5 /* OwnedStockItemView.swift in Sources */ = {isa = PBXBuildFile; fileRef = B61366C82C217804006BD2C5 /* OwnedStockItemView.swift */; };
		B61366CB2C217810006BD2C5 /* WatchedStockItemView.swift in Sources */ = {isa = PBXBuildFile; fileRef = B61366CA2C217810006BD2C5 /* WatchedStockItemView.swift */; };
		B61366CD2C21783A006BD2C5 /* StocksListViewModel.swift in Sources */ = {isa = PBXBuildFile; fileRef = B61366CC2C21783A006BD2C5 /* StocksListViewModel.swift */; };
		B61366CF2C217AC6006BD2C5 /* StockItemState.swift in Sources */ = {isa = PBXBuildFile; fileRef = B61366CE2C217AC6006BD2C5 /* StockItemState.swift */; };
		B61366D22C219B45006BD2C5 /* AnimatingCellHeight.swift in Sources */ = {isa = PBXBuildFile; fileRef = B61366D12C219B45006BD2C5 /* AnimatingCellHeight.swift */; };
		B699C5412C1848A600C10AA0 /* AppDelegate.swift in Sources */ = {isa = PBXBuildFile; fileRef = B699C5402C1848A600C10AA0 /* AppDelegate.swift */; };
		B699C5432C1848A600C10AA0 /* SceneDelegate.swift in Sources */ = {isa = PBXBuildFile; fileRef = B699C5422C1848A600C10AA0 /* SceneDelegate.swift */; };
		B699C5452C1848A600C10AA0 /* ViewController.swift in Sources */ = {isa = PBXBuildFile; fileRef = B699C5442C1848A600C10AA0 /* ViewController.swift */; };
		B699C54A2C1848A800C10AA0 /* Assets.xcassets in Resources */ = {isa = PBXBuildFile; fileRef = B699C5492C1848A800C10AA0 /* Assets.xcassets */; };
		B699C54D2C1848A800C10AA0 /* Base in Resources */ = {isa = PBXBuildFile; fileRef = B699C54C2C1848A800C10AA0 /* Base */; };
		B699C5582C1848A800C10AA0 /* StonksTests.swift in Sources */ = {isa = PBXBuildFile; fileRef = B699C5572C1848A800C10AA0 /* StonksTests.swift */; };
		B699C5622C1848A800C10AA0 /* StonksUITests.swift in Sources */ = {isa = PBXBuildFile; fileRef = B699C5612C1848A800C10AA0 /* StonksUITests.swift */; };
		B699C5642C1848A800C10AA0 /* StonksUITestsLaunchTests.swift in Sources */ = {isa = PBXBuildFile; fileRef = B699C5632C1848A800C10AA0 /* StonksUITestsLaunchTests.swift */; };
		B699C5742C184CE800C10AA0 /* MainView.swift in Sources */ = {isa = PBXBuildFile; fileRef = B699C5732C184CE800C10AA0 /* MainView.swift */; };
/* End PBXBuildFile section */

/* Begin PBXContainerItemProxy section */
		B699C5542C1848A800C10AA0 /* PBXContainerItemProxy */ = {
			isa = PBXContainerItemProxy;
			containerPortal = B699C5352C1848A600C10AA0 /* Project object */;
			proxyType = 1;
			remoteGlobalIDString = B699C53C2C1848A600C10AA0;
			remoteInfo = Stonks;
		};
		B699C55E2C1848A800C10AA0 /* PBXContainerItemProxy */ = {
			isa = PBXContainerItemProxy;
			containerPortal = B699C5352C1848A600C10AA0 /* Project object */;
			proxyType = 1;
			remoteGlobalIDString = B699C53C2C1848A600C10AA0;
			remoteInfo = Stonks;
		};
/* End PBXContainerItemProxy section */

/* Begin PBXFileReference section */
		B61366BA2C1AC3C0006BD2C5 /* RootTabBarController.swift */ = {isa = PBXFileReference; lastKnownFileType = sourcecode.swift; path = RootTabBarController.swift; sourceTree = "<group>"; };
		B61366BC2C1AD00B006BD2C5 /* RootTabBarFactory.swift */ = {isa = PBXFileReference; lastKnownFileType = sourcecode.swift; path = RootTabBarFactory.swift; sourceTree = "<group>"; };
		B61366BF2C1AD1D9006BD2C5 /* StocksListFactory.swift */ = {isa = PBXFileReference; lastKnownFileType = sourcecode.swift; path = StocksListFactory.swift; sourceTree = "<group>"; };
		B61366C52C1ADA9C006BD2C5 /* StocksListView.swift */ = {isa = PBXFileReference; lastKnownFileType = sourcecode.swift; path = StocksListView.swift; sourceTree = "<group>"; };
		B61366C82C217804006BD2C5 /* OwnedStockItemView.swift */ = {isa = PBXFileReference; lastKnownFileType = sourcecode.swift; path = OwnedStockItemView.swift; sourceTree = "<group>"; };
		B61366CA2C217810006BD2C5 /* WatchedStockItemView.swift */ = {isa = PBXFileReference; lastKnownFileType = sourcecode.swift; path = WatchedStockItemView.swift; sourceTree = "<group>"; };
		B61366CC2C21783A006BD2C5 /* StocksListViewModel.swift */ = {isa = PBXFileReference; lastKnownFileType = sourcecode.swift; path = StocksListViewModel.swift; sourceTree = "<group>"; };
		B61366CE2C217AC6006BD2C5 /* StockItemState.swift */ = {isa = PBXFileReference; lastKnownFileType = sourcecode.swift; path = StockItemState.swift; sourceTree = "<group>"; };
		B61366D12C219B45006BD2C5 /* AnimatingCellHeight.swift */ = {isa = PBXFileReference; lastKnownFileType = sourcecode.swift; path = AnimatingCellHeight.swift; sourceTree = "<group>"; };
		B699C53D2C1848A600C10AA0 /* Stonks.app */ = {isa = PBXFileReference; explicitFileType = wrapper.application; includeInIndex = 0; path = Stonks.app; sourceTree = BUILT_PRODUCTS_DIR; };
		B699C5402C1848A600C10AA0 /* AppDelegate.swift */ = {isa = PBXFileReference; lastKnownFileType = sourcecode.swift; path = AppDelegate.swift; sourceTree = "<group>"; };
		B699C5422C1848A600C10AA0 /* SceneDelegate.swift */ = {isa = PBXFileReference; lastKnownFileType = sourcecode.swift; path = SceneDelegate.swift; sourceTree = "<group>"; };
		B699C5442C1848A600C10AA0 /* ViewController.swift */ = {isa = PBXFileReference; lastKnownFileType = sourcecode.swift; path = ViewController.swift; sourceTree = "<group>"; };
		B699C5492C1848A800C10AA0 /* Assets.xcassets */ = {isa = PBXFileReference; lastKnownFileType = folder.assetcatalog; path = Assets.xcassets; sourceTree = "<group>"; };
		B699C54C2C1848A800C10AA0 /* Base */ = {isa = PBXFileReference; lastKnownFileType = file.storyboard; name = Base; path = Base.lproj/LaunchScreen.storyboard; sourceTree = "<group>"; };
		B699C54E2C1848A800C10AA0 /* Info.plist */ = {isa = PBXFileReference; lastKnownFileType = text.plist.xml; path = Info.plist; sourceTree = "<group>"; };
		B699C5532C1848A800C10AA0 /* StonksTests.xctest */ = {isa = PBXFileReference; explicitFileType = wrapper.cfbundle; includeInIndex = 0; path = StonksTests.xctest; sourceTree = BUILT_PRODUCTS_DIR; };
		B699C5572C1848A800C10AA0 /* StonksTests.swift */ = {isa = PBXFileReference; lastKnownFileType = sourcecode.swift; path = StonksTests.swift; sourceTree = "<group>"; };
		B699C55D2C1848A800C10AA0 /* StonksUITests.xctest */ = {isa = PBXFileReference; explicitFileType = wrapper.cfbundle; includeInIndex = 0; path = StonksUITests.xctest; sourceTree = BUILT_PRODUCTS_DIR; };
		B699C5612C1848A800C10AA0 /* StonksUITests.swift */ = {isa = PBXFileReference; lastKnownFileType = sourcecode.swift; path = StonksUITests.swift; sourceTree = "<group>"; };
		B699C5632C1848A800C10AA0 /* StonksUITestsLaunchTests.swift */ = {isa = PBXFileReference; lastKnownFileType = sourcecode.swift; path = StonksUITestsLaunchTests.swift; sourceTree = "<group>"; };
		B699C5732C184CE800C10AA0 /* MainView.swift */ = {isa = PBXFileReference; lastKnownFileType = sourcecode.swift; path = MainView.swift; sourceTree = "<group>"; };
/* End PBXFileReference section */

/* Begin PBXFrameworksBuildPhase section */
		B699C53A2C1848A600C10AA0 /* Frameworks */ = {
			isa = PBXFrameworksBuildPhase;
			buildActionMask = 2147483647;
			files = (
			);
			runOnlyForDeploymentPostprocessing = 0;
		};
		B699C5502C1848A800C10AA0 /* Frameworks */ = {
			isa = PBXFrameworksBuildPhase;
			buildActionMask = 2147483647;
			files = (
			);
			runOnlyForDeploymentPostprocessing = 0;
		};
		B699C55A2C1848A800C10AA0 /* Frameworks */ = {
			isa = PBXFrameworksBuildPhase;
			buildActionMask = 2147483647;
			files = (
			);
			runOnlyForDeploymentPostprocessing = 0;
		};
/* End PBXFrameworksBuildPhase section */

/* Begin PBXGroup section */
		B61366B92C1AC39E006BD2C5 /* RootTabBar */ = {
			isa = PBXGroup;
			children = (
				B61366C32C1AD24F006BD2C5 /* View */,
				B61366BC2C1AD00B006BD2C5 /* RootTabBarFactory.swift */,
			);
			path = RootTabBar;
			sourceTree = "<group>";
		};
		B61366BE2C1AD1C7006BD2C5 /* StocksList */ = {
			isa = PBXGroup;
			children = (
				B61366C42C1ADA26006BD2C5 /* Services */,
				B61366C22C1AD238006BD2C5 /* ViewModel */,
				B61366C12C1AD22C006BD2C5 /* View */,
				B61366BF2C1AD1D9006BD2C5 /* StocksListFactory.swift */,
			);
			path = StocksList;
			sourceTree = "<group>";
		};
		B61366C12C1AD22C006BD2C5 /* View */ = {
			isa = PBXGroup;
			children = (
				B61366C72C2177C8006BD2C5 /* Components */,
				B61366C52C1ADA9C006BD2C5 /* StocksListView.swift */,
			);
			path = View;
			sourceTree = "<group>";
		};
		B61366C22C1AD238006BD2C5 /* ViewModel */ = {
			isa = PBXGroup;
			children = (
				B61366CC2C21783A006BD2C5 /* StocksListViewModel.swift */,
				B61366CE2C217AC6006BD2C5 /* StockItemState.swift */,
			);
			path = ViewModel;
			sourceTree = "<group>";
		};
		B61366C32C1AD24F006BD2C5 /* View */ = {
			isa = PBXGroup;
			children = (
				B61366BA2C1AC3C0006BD2C5 /* RootTabBarController.swift */,
			);
			path = View;
			sourceTree = "<group>";
		};
		B61366C42C1ADA26006BD2C5 /* Services */ = {
			isa = PBXGroup;
			children = (
			);
			path = Services;
			sourceTree = "<group>";
		};
		B61366C72C2177C8006BD2C5 /* Components */ = {
			isa = PBXGroup;
			children = (
				B61366C82C217804006BD2C5 /* OwnedStockItemView.swift */,
				B61366CA2C217810006BD2C5 /* WatchedStockItemView.swift */,
			);
			path = Components;
			sourceTree = "<group>";
		};
		B61366D02C219B36006BD2C5 /* ViewModifiers */ = {
			isa = PBXGroup;
			children = (
				B61366D12C219B45006BD2C5 /* AnimatingCellHeight.swift */,
			);
			path = ViewModifiers;
			sourceTree = "<group>";
		};
		B699C5342C1848A600C10AA0 = {
			isa = PBXGroup;
			children = (
				B699C53F2C1848A600C10AA0 /* Stonks */,
				B699C5562C1848A800C10AA0 /* StonksTests */,
				B699C5602C1848A800C10AA0 /* StonksUITests */,
				B699C53E2C1848A600C10AA0 /* Products */,
			);
			sourceTree = "<group>";
		};
		B699C53E2C1848A600C10AA0 /* Products */ = {
			isa = PBXGroup;
			children = (
				B699C53D2C1848A600C10AA0 /* Stonks.app */,
				B699C5532C1848A800C10AA0 /* StonksTests.xctest */,
				B699C55D2C1848A800C10AA0 /* StonksUITests.xctest */,
			);
			name = Products;
			sourceTree = "<group>";
		};
		B699C53F2C1848A600C10AA0 /* Stonks */ = {
			isa = PBXGroup;
			children = (
				B699C5722C18493800C10AA0 /* Resources */,
				B699C5712C18492E00C10AA0 /* Application */,
				B699C5702C18492800C10AA0 /* Common */,
				B699C54E2C1848A800C10AA0 /* Info.plist */,
			);
			path = Stonks;
			sourceTree = "<group>";
		};
		B699C5562C1848A800C10AA0 /* StonksTests */ = {
			isa = PBXGroup;
			children = (
				B699C5572C1848A800C10AA0 /* StonksTests.swift */,
			);
			path = StonksTests;
			sourceTree = "<group>";
		};
		B699C5602C1848A800C10AA0 /* StonksUITests */ = {
			isa = PBXGroup;
			children = (
				B699C5612C1848A800C10AA0 /* StonksUITests.swift */,
				B699C5632C1848A800C10AA0 /* StonksUITestsLaunchTests.swift */,
			);
			path = StonksUITests;
			sourceTree = "<group>";
		};
		B699C5702C18492800C10AA0 /* Common */ = {
			isa = PBXGroup;
			children = (
				B699C5422C1848A600C10AA0 /* SceneDelegate.swift */,
				B699C5402C1848A600C10AA0 /* AppDelegate.swift */,
			);
			path = Common;
			sourceTree = "<group>";
		};
		B699C5712C18492E00C10AA0 /* Application */ = {
			isa = PBXGroup;
			children = (
				B61366D02C219B36006BD2C5 /* ViewModifiers */,
				B61366BE2C1AD1C7006BD2C5 /* StocksList */,
				B61366B92C1AC39E006BD2C5 /* RootTabBar */,
				B699C5442C1848A600C10AA0 /* ViewController.swift */,
				B699C5732C184CE800C10AA0 /* MainView.swift */,
			);
			path = Application;
			sourceTree = "<group>";
		};
		B699C5722C18493800C10AA0 /* Resources */ = {
			isa = PBXGroup;
			children = (
				B699C5492C1848A800C10AA0 /* Assets.xcassets */,
				B699C54B2C1848A800C10AA0 /* LaunchScreen.storyboard */,
			);
			path = Resources;
			sourceTree = "<group>";
		};
/* End PBXGroup section */

/* Begin PBXNativeTarget section */
		B699C53C2C1848A600C10AA0 /* Stonks */ = {
			isa = PBXNativeTarget;
			buildConfigurationList = B699C5672C1848A800C10AA0 /* Build configuration list for PBXNativeTarget "Stonks" */;
			buildPhases = (
				B699C5392C1848A600C10AA0 /* Sources */,
				B699C53A2C1848A600C10AA0 /* Frameworks */,
				B699C53B2C1848A600C10AA0 /* Resources */,
			);
			buildRules = (
			);
			dependencies = (
			);
			name = Stonks;
			productName = Stonks;
			productReference = B699C53D2C1848A600C10AA0 /* Stonks.app */;
			productType = "com.apple.product-type.application";
		};
		B699C5522C1848A800C10AA0 /* StonksTests */ = {
			isa = PBXNativeTarget;
			buildConfigurationList = B699C56A2C1848A800C10AA0 /* Build configuration list for PBXNativeTarget "StonksTests" */;
			buildPhases = (
				B699C54F2C1848A800C10AA0 /* Sources */,
				B699C5502C1848A800C10AA0 /* Frameworks */,
				B699C5512C1848A800C10AA0 /* Resources */,
			);
			buildRules = (
			);
			dependencies = (
				B699C5552C1848A800C10AA0 /* PBXTargetDependency */,
			);
			name = StonksTests;
			productName = StonksTests;
			productReference = B699C5532C1848A800C10AA0 /* StonksTests.xctest */;
			productType = "com.apple.product-type.bundle.unit-test";
		};
		B699C55C2C1848A800C10AA0 /* StonksUITests */ = {
			isa = PBXNativeTarget;
			buildConfigurationList = B699C56D2C1848A800C10AA0 /* Build configuration list for PBXNativeTarget "StonksUITests" */;
			buildPhases = (
				B699C5592C1848A800C10AA0 /* Sources */,
				B699C55A2C1848A800C10AA0 /* Frameworks */,
				B699C55B2C1848A800C10AA0 /* Resources */,
			);
			buildRules = (
			);
			dependencies = (
				B699C55F2C1848A800C10AA0 /* PBXTargetDependency */,
			);
			name = StonksUITests;
			productName = StonksUITests;
			productReference = B699C55D2C1848A800C10AA0 /* StonksUITests.xctest */;
			productType = "com.apple.product-type.bundle.ui-testing";
		};
/* End PBXNativeTarget section */

/* Begin PBXProject section */
		B699C5352C1848A600C10AA0 /* Project object */ = {
			isa = PBXProject;
			attributes = {
				BuildIndependentTargetsInParallel = 1;
				LastSwiftUpdateCheck = 1530;
				LastUpgradeCheck = 1530;
				TargetAttributes = {
					B699C53C2C1848A600C10AA0 = {
						CreatedOnToolsVersion = 15.3;
					};
					B699C5522C1848A800C10AA0 = {
						CreatedOnToolsVersion = 15.3;
						TestTargetID = B699C53C2C1848A600C10AA0;
					};
					B699C55C2C1848A800C10AA0 = {
						CreatedOnToolsVersion = 15.3;
						TestTargetID = B699C53C2C1848A600C10AA0;
					};
				};
			};
			buildConfigurationList = B699C5382C1848A600C10AA0 /* Build configuration list for PBXProject "Stonks" */;
			compatibilityVersion = "Xcode 14.0";
			developmentRegion = en;
			hasScannedForEncodings = 0;
			knownRegions = (
				en,
				Base,
			);
			mainGroup = B699C5342C1848A600C10AA0;
			productRefGroup = B699C53E2C1848A600C10AA0 /* Products */;
			projectDirPath = "";
			projectRoot = "";
			targets = (
				B699C53C2C1848A600C10AA0 /* Stonks */,
				B699C5522C1848A800C10AA0 /* StonksTests */,
				B699C55C2C1848A800C10AA0 /* StonksUITests */,
			);
		};
/* End PBXProject section */

/* Begin PBXResourcesBuildPhase section */
		B699C53B2C1848A600C10AA0 /* Resources */ = {
			isa = PBXResourcesBuildPhase;
			buildActionMask = 2147483647;
			files = (
				B699C54A2C1848A800C10AA0 /* Assets.xcassets in Resources */,
				B699C54D2C1848A800C10AA0 /* Base in Resources */,
			);
			runOnlyForDeploymentPostprocessing = 0;
		};
		B699C5512C1848A800C10AA0 /* Resources */ = {
			isa = PBXResourcesBuildPhase;
			buildActionMask = 2147483647;
			files = (
			);
			runOnlyForDeploymentPostprocessing = 0;
		};
		B699C55B2C1848A800C10AA0 /* Resources */ = {
			isa = PBXResourcesBuildPhase;
			buildActionMask = 2147483647;
			files = (
			);
			runOnlyForDeploymentPostprocessing = 0;
		};
/* End PBXResourcesBuildPhase section */

/* Begin PBXSourcesBuildPhase section */
		B699C5392C1848A600C10AA0 /* Sources */ = {
			isa = PBXSourcesBuildPhase;
			buildActionMask = 2147483647;
			files = (
				B699C5452C1848A600C10AA0 /* ViewController.swift in Sources */,
				B61366CB2C217810006BD2C5 /* WatchedStockItemView.swift in Sources */,
				B61366BB2C1AC3C0006BD2C5 /* RootTabBarController.swift in Sources */,
				B61366C02C1AD1D9006BD2C5 /* StocksListFactory.swift in Sources */,
				B699C5742C184CE800C10AA0 /* MainView.swift in Sources */,
				B61366D22C219B45006BD2C5 /* AnimatingCellHeight.swift in Sources */,
				B699C5412C1848A600C10AA0 /* AppDelegate.swift in Sources */,
				B61366CD2C21783A006BD2C5 /* StocksListViewModel.swift in Sources */,
				B61366C92C217804006BD2C5 /* OwnedStockItemView.swift in Sources */,
				B61366C62C1ADA9C006BD2C5 /* StocksListView.swift in Sources */,
				B61366BD2C1AD00B006BD2C5 /* RootTabBarFactory.swift in Sources */,
				B699C5432C1848A600C10AA0 /* SceneDelegate.swift in Sources */,
				B61366CF2C217AC6006BD2C5 /* StockItemState.swift in Sources */,
			);
			runOnlyForDeploymentPostprocessing = 0;
		};
		B699C54F2C1848A800C10AA0 /* Sources */ = {
			isa = PBXSourcesBuildPhase;
			buildActionMask = 2147483647;
			files = (
				B699C5582C1848A800C10AA0 /* StonksTests.swift in Sources */,
			);
			runOnlyForDeploymentPostprocessing = 0;
		};
		B699C5592C1848A800C10AA0 /* Sources */ = {
			isa = PBXSourcesBuildPhase;
			buildActionMask = 2147483647;
			files = (
				B699C5642C1848A800C10AA0 /* StonksUITestsLaunchTests.swift in Sources */,
				B699C5622C1848A800C10AA0 /* StonksUITests.swift in Sources */,
			);
			runOnlyForDeploymentPostprocessing = 0;
		};
/* End PBXSourcesBuildPhase section */

/* Begin PBXTargetDependency section */
		B699C5552C1848A800C10AA0 /* PBXTargetDependency */ = {
			isa = PBXTargetDependency;
			target = B699C53C2C1848A600C10AA0 /* Stonks */;
			targetProxy = B699C5542C1848A800C10AA0 /* PBXContainerItemProxy */;
		};
		B699C55F2C1848A800C10AA0 /* PBXTargetDependency */ = {
			isa = PBXTargetDependency;
			target = B699C53C2C1848A600C10AA0 /* Stonks */;
			targetProxy = B699C55E2C1848A800C10AA0 /* PBXContainerItemProxy */;
		};
/* End PBXTargetDependency section */

/* Begin PBXVariantGroup section */
		B699C54B2C1848A800C10AA0 /* LaunchScreen.storyboard */ = {
			isa = PBXVariantGroup;
			children = (
				B699C54C2C1848A800C10AA0 /* Base */,
			);
			name = LaunchScreen.storyboard;
			sourceTree = "<group>";
		};
/* End PBXVariantGroup section */

/* Begin XCBuildConfiguration section */
		B699C5652C1848A800C10AA0 /* Debug */ = {
			isa = XCBuildConfiguration;
			buildSettings = {
				ALWAYS_SEARCH_USER_PATHS = NO;
				ASSETCATALOG_COMPILER_GENERATE_SWIFT_ASSET_SYMBOL_EXTENSIONS = YES;
				CLANG_ANALYZER_NONNULL = YES;
				CLANG_ANALYZER_NUMBER_OBJECT_CONVERSION = YES_AGGRESSIVE;
				CLANG_CXX_LANGUAGE_STANDARD = "gnu++20";
				CLANG_ENABLE_MODULES = YES;
				CLANG_ENABLE_OBJC_ARC = YES;
				CLANG_ENABLE_OBJC_WEAK = YES;
				CLANG_WARN_BLOCK_CAPTURE_AUTORELEASING = YES;
				CLANG_WARN_BOOL_CONVERSION = YES;
				CLANG_WARN_COMMA = YES;
				CLANG_WARN_CONSTANT_CONVERSION = YES;
				CLANG_WARN_DEPRECATED_OBJC_IMPLEMENTATIONS = YES;
				CLANG_WARN_DIRECT_OBJC_ISA_USAGE = YES_ERROR;
				CLANG_WARN_DOCUMENTATION_COMMENTS = YES;
				CLANG_WARN_EMPTY_BODY = YES;
				CLANG_WARN_ENUM_CONVERSION = YES;
				CLANG_WARN_INFINITE_RECURSION = YES;
				CLANG_WARN_INT_CONVERSION = YES;
				CLANG_WARN_NON_LITERAL_NULL_CONVERSION = YES;
				CLANG_WARN_OBJC_IMPLICIT_RETAIN_SELF = YES;
				CLANG_WARN_OBJC_LITERAL_CONVERSION = YES;
				CLANG_WARN_OBJC_ROOT_CLASS = YES_ERROR;
				CLANG_WARN_QUOTED_INCLUDE_IN_FRAMEWORK_HEADER = YES;
				CLANG_WARN_RANGE_LOOP_ANALYSIS = YES;
				CLANG_WARN_STRICT_PROTOTYPES = YES;
				CLANG_WARN_SUSPICIOUS_MOVE = YES;
				CLANG_WARN_UNGUARDED_AVAILABILITY = YES_AGGRESSIVE;
				CLANG_WARN_UNREACHABLE_CODE = YES;
				CLANG_WARN__DUPLICATE_METHOD_MATCH = YES;
				COPY_PHASE_STRIP = NO;
				DEBUG_INFORMATION_FORMAT = dwarf;
				ENABLE_STRICT_OBJC_MSGSEND = YES;
				ENABLE_TESTABILITY = YES;
				ENABLE_USER_SCRIPT_SANDBOXING = YES;
				GCC_C_LANGUAGE_STANDARD = gnu17;
				GCC_DYNAMIC_NO_PIC = NO;
				GCC_NO_COMMON_BLOCKS = YES;
				GCC_OPTIMIZATION_LEVEL = 0;
				GCC_PREPROCESSOR_DEFINITIONS = (
					"DEBUG=1",
					"$(inherited)",
				);
				GCC_WARN_64_TO_32_BIT_CONVERSION = YES;
				GCC_WARN_ABOUT_RETURN_TYPE = YES_ERROR;
				GCC_WARN_UNDECLARED_SELECTOR = YES;
				GCC_WARN_UNINITIALIZED_AUTOS = YES_AGGRESSIVE;
				GCC_WARN_UNUSED_FUNCTION = YES;
				GCC_WARN_UNUSED_VARIABLE = YES;
				IPHONEOS_DEPLOYMENT_TARGET = 17.4;
				LOCALIZATION_PREFERS_STRING_CATALOGS = YES;
				MTL_ENABLE_DEBUG_INFO = INCLUDE_SOURCE;
				MTL_FAST_MATH = YES;
				ONLY_ACTIVE_ARCH = YES;
				SDKROOT = iphoneos;
				SWIFT_ACTIVE_COMPILATION_CONDITIONS = "DEBUG $(inherited)";
				SWIFT_OPTIMIZATION_LEVEL = "-Onone";
			};
			name = Debug;
		};
		B699C5662C1848A800C10AA0 /* Release */ = {
			isa = XCBuildConfiguration;
			buildSettings = {
				ALWAYS_SEARCH_USER_PATHS = NO;
				ASSETCATALOG_COMPILER_GENERATE_SWIFT_ASSET_SYMBOL_EXTENSIONS = YES;
				CLANG_ANALYZER_NONNULL = YES;
				CLANG_ANALYZER_NUMBER_OBJECT_CONVERSION = YES_AGGRESSIVE;
				CLANG_CXX_LANGUAGE_STANDARD = "gnu++20";
				CLANG_ENABLE_MODULES = YES;
				CLANG_ENABLE_OBJC_ARC = YES;
				CLANG_ENABLE_OBJC_WEAK = YES;
				CLANG_WARN_BLOCK_CAPTURE_AUTORELEASING = YES;
				CLANG_WARN_BOOL_CONVERSION = YES;
				CLANG_WARN_COMMA = YES;
				CLANG_WARN_CONSTANT_CONVERSION = YES;
				CLANG_WARN_DEPRECATED_OBJC_IMPLEMENTATIONS = YES;
				CLANG_WARN_DIRECT_OBJC_ISA_USAGE = YES_ERROR;
				CLANG_WARN_DOCUMENTATION_COMMENTS = YES;
				CLANG_WARN_EMPTY_BODY = YES;
				CLANG_WARN_ENUM_CONVERSION = YES;
				CLANG_WARN_INFINITE_RECURSION = YES;
				CLANG_WARN_INT_CONVERSION = YES;
				CLANG_WARN_NON_LITERAL_NULL_CONVERSION = YES;
				CLANG_WARN_OBJC_IMPLICIT_RETAIN_SELF = YES;
				CLANG_WARN_OBJC_LITERAL_CONVERSION = YES;
				CLANG_WARN_OBJC_ROOT_CLASS = YES_ERROR;
				CLANG_WARN_QUOTED_INCLUDE_IN_FRAMEWORK_HEADER = YES;
				CLANG_WARN_RANGE_LOOP_ANALYSIS = YES;
				CLANG_WARN_STRICT_PROTOTYPES = YES;
				CLANG_WARN_SUSPICIOUS_MOVE = YES;
				CLANG_WARN_UNGUARDED_AVAILABILITY = YES_AGGRESSIVE;
				CLANG_WARN_UNREACHABLE_CODE = YES;
				CLANG_WARN__DUPLICATE_METHOD_MATCH = YES;
				COPY_PHASE_STRIP = NO;
				DEBUG_INFORMATION_FORMAT = "dwarf-with-dsym";
				ENABLE_NS_ASSERTIONS = NO;
				ENABLE_STRICT_OBJC_MSGSEND = YES;
				ENABLE_USER_SCRIPT_SANDBOXING = YES;
				GCC_C_LANGUAGE_STANDARD = gnu17;
				GCC_NO_COMMON_BLOCKS = YES;
				GCC_WARN_64_TO_32_BIT_CONVERSION = YES;
				GCC_WARN_ABOUT_RETURN_TYPE = YES_ERROR;
				GCC_WARN_UNDECLARED_SELECTOR = YES;
				GCC_WARN_UNINITIALIZED_AUTOS = YES_AGGRESSIVE;
				GCC_WARN_UNUSED_FUNCTION = YES;
				GCC_WARN_UNUSED_VARIABLE = YES;
				IPHONEOS_DEPLOYMENT_TARGET = 17.4;
				LOCALIZATION_PREFERS_STRING_CATALOGS = YES;
				MTL_ENABLE_DEBUG_INFO = NO;
				MTL_FAST_MATH = YES;
				SDKROOT = iphoneos;
				SWIFT_COMPILATION_MODE = wholemodule;
				VALIDATE_PRODUCT = YES;
			};
			name = Release;
		};
		B699C5682C1848A800C10AA0 /* Debug */ = {
			isa = XCBuildConfiguration;
			buildSettings = {
				ASSETCATALOG_COMPILER_APPICON_NAME = AppIcon;
				ASSETCATALOG_COMPILER_GLOBAL_ACCENT_COLOR_NAME = AccentColor;
				CODE_SIGN_STYLE = Automatic;
				CURRENT_PROJECT_VERSION = 1;
				GENERATE_INFOPLIST_FILE = YES;
				INFOPLIST_FILE = Stonks/Info.plist;
				INFOPLIST_KEY_UIApplicationSupportsIndirectInputEvents = YES;
				INFOPLIST_KEY_UILaunchStoryboardName = LaunchScreen;
				INFOPLIST_KEY_UISupportedInterfaceOrientations = UIInterfaceOrientationPortrait;
				INFOPLIST_KEY_UISupportedInterfaceOrientations_iPad = "UIInterfaceOrientationLandscapeLeft UIInterfaceOrientationLandscapeRight UIInterfaceOrientationPortrait UIInterfaceOrientationPortraitUpsideDown";
				LD_RUNPATH_SEARCH_PATHS = (
					"$(inherited)",
					"@executable_path/Frameworks",
				);
				MARKETING_VERSION = 1.0;
				PRODUCT_BUNDLE_IDENTIFIER = com.gzafra.Stonks;
				PRODUCT_NAME = "$(TARGET_NAME)";
				SWIFT_EMIT_LOC_STRINGS = YES;
				SWIFT_VERSION = 5.0;
				TARGETED_DEVICE_FAMILY = "1,2";
			};
			name = Debug;
		};
		B699C5692C1848A800C10AA0 /* Release */ = {
			isa = XCBuildConfiguration;
			buildSettings = {
				ASSETCATALOG_COMPILER_APPICON_NAME = AppIcon;
				ASSETCATALOG_COMPILER_GLOBAL_ACCENT_COLOR_NAME = AccentColor;
				CODE_SIGN_STYLE = Automatic;
				CURRENT_PROJECT_VERSION = 1;
				GENERATE_INFOPLIST_FILE = YES;
				INFOPLIST_FILE = Stonks/Info.plist;
				INFOPLIST_KEY_UIApplicationSupportsIndirectInputEvents = YES;
				INFOPLIST_KEY_UILaunchStoryboardName = LaunchScreen;
				INFOPLIST_KEY_UISupportedInterfaceOrientations = UIInterfaceOrientationPortrait;
				INFOPLIST_KEY_UISupportedInterfaceOrientations_iPad = "UIInterfaceOrientationLandscapeLeft UIInterfaceOrientationLandscapeRight UIInterfaceOrientationPortrait UIInterfaceOrientationPortraitUpsideDown";
				LD_RUNPATH_SEARCH_PATHS = (
					"$(inherited)",
					"@executable_path/Frameworks",
				);
				MARKETING_VERSION = 1.0;
				PRODUCT_BUNDLE_IDENTIFIER = com.gzafra.Stonks;
				PRODUCT_NAME = "$(TARGET_NAME)";
				SWIFT_EMIT_LOC_STRINGS = YES;
				SWIFT_VERSION = 5.0;
				TARGETED_DEVICE_FAMILY = "1,2";
			};
			name = Release;
		};
		B699C56B2C1848A800C10AA0 /* Debug */ = {
			isa = XCBuildConfiguration;
			buildSettings = {
				ALWAYS_EMBED_SWIFT_STANDARD_LIBRARIES = YES;
				BUNDLE_LOADER = "$(TEST_HOST)";
				CODE_SIGN_STYLE = Automatic;
				CURRENT_PROJECT_VERSION = 1;
				GENERATE_INFOPLIST_FILE = YES;
				IPHONEOS_DEPLOYMENT_TARGET = 17.4;
				MARKETING_VERSION = 1.0;
				PRODUCT_BUNDLE_IDENTIFIER = com.gzafra.StonksTests;
				PRODUCT_NAME = "$(TARGET_NAME)";
				SWIFT_EMIT_LOC_STRINGS = NO;
				SWIFT_VERSION = 5.0;
				TARGETED_DEVICE_FAMILY = "1,2";
				TEST_HOST = "$(BUILT_PRODUCTS_DIR)/Stonks.app/$(BUNDLE_EXECUTABLE_FOLDER_PATH)/Stonks";
			};
			name = Debug;
		};
		B699C56C2C1848A800C10AA0 /* Release */ = {
			isa = XCBuildConfiguration;
			buildSettings = {
				ALWAYS_EMBED_SWIFT_STANDARD_LIBRARIES = YES;
				BUNDLE_LOADER = "$(TEST_HOST)";
				CODE_SIGN_STYLE = Automatic;
				CURRENT_PROJECT_VERSION = 1;
				GENERATE_INFOPLIST_FILE = YES;
				IPHONEOS_DEPLOYMENT_TARGET = 17.4;
				MARKETING_VERSION = 1.0;
				PRODUCT_BUNDLE_IDENTIFIER = com.gzafra.StonksTests;
				PRODUCT_NAME = "$(TARGET_NAME)";
				SWIFT_EMIT_LOC_STRINGS = NO;
				SWIFT_VERSION = 5.0;
				TARGETED_DEVICE_FAMILY = "1,2";
				TEST_HOST = "$(BUILT_PRODUCTS_DIR)/Stonks.app/$(BUNDLE_EXECUTABLE_FOLDER_PATH)/Stonks";
			};
			name = Release;
		};
		B699C56E2C1848A800C10AA0 /* Debug */ = {
			isa = XCBuildConfiguration;
			buildSettings = {
				ALWAYS_EMBED_SWIFT_STANDARD_LIBRARIES = YES;
				CODE_SIGN_STYLE = Automatic;
				CURRENT_PROJECT_VERSION = 1;
				GENERATE_INFOPLIST_FILE = YES;
				MARKETING_VERSION = 1.0;
				PRODUCT_BUNDLE_IDENTIFIER = com.gzafra.StonksUITests;
				PRODUCT_NAME = "$(TARGET_NAME)";
				SWIFT_EMIT_LOC_STRINGS = NO;
				SWIFT_VERSION = 5.0;
				TARGETED_DEVICE_FAMILY = "1,2";
				TEST_TARGET_NAME = Stonks;
			};
			name = Debug;
		};
		B699C56F2C1848A800C10AA0 /* Release */ = {
			isa = XCBuildConfiguration;
			buildSettings = {
				ALWAYS_EMBED_SWIFT_STANDARD_LIBRARIES = YES;
				CODE_SIGN_STYLE = Automatic;
				CURRENT_PROJECT_VERSION = 1;
				GENERATE_INFOPLIST_FILE = YES;
				MARKETING_VERSION = 1.0;
				PRODUCT_BUNDLE_IDENTIFIER = com.gzafra.StonksUITests;
				PRODUCT_NAME = "$(TARGET_NAME)";
				SWIFT_EMIT_LOC_STRINGS = NO;
				SWIFT_VERSION = 5.0;
				TARGETED_DEVICE_FAMILY = "1,2";
				TEST_TARGET_NAME = Stonks;
			};
			name = Release;
		};
/* End XCBuildConfiguration section */

/* Begin XCConfigurationList section */
		B699C5382C1848A600C10AA0 /* Build configuration list for PBXProject "Stonks" */ = {
			isa = XCConfigurationList;
			buildConfigurations = (
				B699C5652C1848A800C10AA0 /* Debug */,
				B699C5662C1848A800C10AA0 /* Release */,
			);
			defaultConfigurationIsVisible = 0;
			defaultConfigurationName = Release;
		};
		B699C5672C1848A800C10AA0 /* Build configuration list for PBXNativeTarget "Stonks" */ = {
			isa = XCConfigurationList;
			buildConfigurations = (
				B699C5682C1848A800C10AA0 /* Debug */,
				B699C5692C1848A800C10AA0 /* Release */,
			);
			defaultConfigurationIsVisible = 0;
			defaultConfigurationName = Release;
		};
		B699C56A2C1848A800C10AA0 /* Build configuration list for PBXNativeTarget "StonksTests" */ = {
			isa = XCConfigurationList;
			buildConfigurations = (
				B699C56B2C1848A800C10AA0 /* Debug */,
				B699C56C2C1848A800C10AA0 /* Release */,
			);
			defaultConfigurationIsVisible = 0;
			defaultConfigurationName = Release;
		};
		B699C56D2C1848A800C10AA0 /* Build configuration list for PBXNativeTarget "StonksUITests" */ = {
			isa = XCConfigurationList;
			buildConfigurations = (
				B699C56E2C1848A800C10AA0 /* Debug */,
				B699C56F2C1848A800C10AA0 /* Release */,
			);
			defaultConfigurationIsVisible = 0;
			defaultConfigurationName = Release;
		};
/* End XCConfigurationList section */
	};
	rootObject = B699C5352C1848A600C10AA0 /* Project object */;
}
