// !$*UTF8*$!
{
	archiveVersion = 1;
	classes = {
	};
	objectVersion = 56;
	objects = {

/* Begin PBXBuildFile section */
		2140EF9993A858D75017234F /* Pods_StonksTests.framework in Frameworks */ = {isa = PBXBuildFile; fileRef = 1399711F65A1702C433857ED /* Pods_StonksTests.framework */; };
		4D41162AAC4C7E2B9C9109D1 /* Pods_Stonks.framework in Frameworks */ = {isa = PBXBuildFile; fileRef = 1F104D3AF02F42C59F4F74E7 /* Pods_Stonks.framework */; };
		B61366BB2C1AC3C0006BD2C5 /* RootTabBarController.swift in Sources */ = {isa = PBXBuildFile; fileRef = B61366BA2C1AC3C0006BD2C5 /* RootTabBarController.swift */; };
		B61366BD2C1AD00B006BD2C5 /* RootTabBarFactory.swift in Sources */ = {isa = PBXBuildFile; fileRef = B61366BC2C1AD00B006BD2C5 /* RootTabBarFactory.swift */; };
		B61366C02C1AD1D9006BD2C5 /* StocksListFactory.swift in Sources */ = {isa = PBXBuildFile; fileRef = B61366BF2C1AD1D9006BD2C5 /* StocksListFactory.swift */; };
		B61366C62C1ADA9C006BD2C5 /* StocksListView.swift in Sources */ = {isa = PBXBuildFile; fileRef = B61366C52C1ADA9C006BD2C5 /* StocksListView.swift */; };
		B61366C92C217804006BD2C5 /* OwnedStockItemView.swift in Sources */ = {isa = PBXBuildFile; fileRef = B61366C82C217804006BD2C5 /* OwnedStockItemView.swift */; };
		B61366CB2C217810006BD2C5 /* WatchedStockItemView.swift in Sources */ = {isa = PBXBuildFile; fileRef = B61366CA2C217810006BD2C5 /* WatchedStockItemView.swift */; };
		B61366CD2C21783A006BD2C5 /* StocksListViewModel.swift in Sources */ = {isa = PBXBuildFile; fileRef = B61366CC2C21783A006BD2C5 /* StocksListViewModel.swift */; };
		B61366CF2C217AC6006BD2C5 /* StockItemState.swift in Sources */ = {isa = PBXBuildFile; fileRef = B61366CE2C217AC6006BD2C5 /* StockItemState.swift */; };
		B61366D22C219B45006BD2C5 /* AnimatingCellHeight.swift in Sources */ = {isa = PBXBuildFile; fileRef = B61366D12C219B45006BD2C5 /* AnimatingCellHeight.swift */; };
		B61366D82C21B5CE006BD2C5 /* StockSearchView.swift in Sources */ = {isa = PBXBuildFile; fileRef = B61366D72C21B5CE006BD2C5 /* StockSearchView.swift */; };
		B61366DA2C21B703006BD2C5 /* StockSearchViewModel.swift in Sources */ = {isa = PBXBuildFile; fileRef = B61366D92C21B703006BD2C5 /* StockSearchViewModel.swift */; };
		B61366DC2C21B777006BD2C5 /* StockSearchItemState.swift in Sources */ = {isa = PBXBuildFile; fileRef = B61366DB2C21B777006BD2C5 /* StockSearchItemState.swift */; };
		B699C5412C1848A600C10AA0 /* AppDelegate.swift in Sources */ = {isa = PBXBuildFile; fileRef = B699C5402C1848A600C10AA0 /* AppDelegate.swift */; };
		B699C5432C1848A600C10AA0 /* SceneDelegate.swift in Sources */ = {isa = PBXBuildFile; fileRef = B699C5422C1848A600C10AA0 /* SceneDelegate.swift */; };
		B699C54A2C1848A800C10AA0 /* Assets.xcassets in Resources */ = {isa = PBXBuildFile; fileRef = B699C5492C1848A800C10AA0 /* Assets.xcassets */; };
		B699C54D2C1848A800C10AA0 /* Base in Resources */ = {isa = PBXBuildFile; fileRef = B699C54C2C1848A800C10AA0 /* Base */; };
		B699C5582C1848A800C10AA0 /* StonksTests.swift in Sources */ = {isa = PBXBuildFile; fileRef = B699C5572C1848A800C10AA0 /* StonksTests.swift */; };
		B699C5622C1848A800C10AA0 /* StonksUITests.swift in Sources */ = {isa = PBXBuildFile; fileRef = B699C5612C1848A800C10AA0 /* StonksUITests.swift */; };
		B699C5642C1848A800C10AA0 /* StonksUITestsLaunchTests.swift in Sources */ = {isa = PBXBuildFile; fileRef = B699C5632C1848A800C10AA0 /* StonksUITestsLaunchTests.swift */; };
		B6A916792C22CA8F007071FF /* HTTPClient.swift in Sources */ = {isa = PBXBuildFile; fileRef = B6A916782C22CA8F007071FF /* HTTPClient.swift */; };
		B6A9167B2C22CAE0007071FF /* HTTPRequest.swift in Sources */ = {isa = PBXBuildFile; fileRef = B6A9167A2C22CAE0007071FF /* HTTPRequest.swift */; };
		B6A9167D2C22CAF3007071FF /* URLRequestBuilder.swift in Sources */ = {isa = PBXBuildFile; fileRef = B6A9167C2C22CAF3007071FF /* URLRequestBuilder.swift */; };
		B6A9167F2C22CB09007071FF /* HTTPCode.swift in Sources */ = {isa = PBXBuildFile; fileRef = B6A9167E2C22CB09007071FF /* HTTPCode.swift */; };
		B6A916822C22CB40007071FF /* ApiDefinition.swift in Sources */ = {isa = PBXBuildFile; fileRef = B6A916812C22CB40007071FF /* ApiDefinition.swift */; };
		B6A916842C22CBB4007071FF /* FinanceApi.swift in Sources */ = {isa = PBXBuildFile; fileRef = B6A916832C22CBB4007071FF /* FinanceApi.swift */; };
		B6A916882C22CD0A007071FF /* StockSearchDataSource.swift in Sources */ = {isa = PBXBuildFile; fileRef = B6A916872C22CD0A007071FF /* StockSearchDataSource.swift */; };
		B6A9168B2C22CD27007071FF /* StockSearchApiResponse.swift in Sources */ = {isa = PBXBuildFile; fileRef = B6A9168A2C22CD27007071FF /* StockSearchApiResponse.swift */; };
		B6A9168E2C22D1C3007071FF /* Quote.swift in Sources */ = {isa = PBXBuildFile; fileRef = B6A9168D2C22D1C3007071FF /* Quote.swift */; };
		B6A916912C22D47F007071FF /* QuoteApiMapper.swift in Sources */ = {isa = PBXBuildFile; fileRef = B6A916902C22D47F007071FF /* QuoteApiMapper.swift */; };
		B6A916952C22D670007071FF /* Mappable.swift in Sources */ = {isa = PBXBuildFile; fileRef = B6A916942C22D670007071FF /* Mappable.swift */; };
		B6A916972C22E1BA007071FF /* DomainError.swift in Sources */ = {isa = PBXBuildFile; fileRef = B6A916962C22E1BA007071FF /* DomainError.swift */; };
		B6A9169C2C22E2D2007071FF /* StockSearchRemoteRepository.swift in Sources */ = {isa = PBXBuildFile; fileRef = B6A9169B2C22E2D2007071FF /* StockSearchRemoteRepository.swift */; };
		B6A9169E2C22E34D007071FF /* StockSearchFinanceApiDataSource.swift in Sources */ = {isa = PBXBuildFile; fileRef = B6A9169D2C22E34D007071FF /* StockSearchFinanceApiDataSource.swift */; };
		B6A916A02C22E38B007071FF /* GetQuoteUseCase.swift in Sources */ = {isa = PBXBuildFile; fileRef = B6A9169F2C22E38B007071FF /* GetQuoteUseCase.swift */; };
		B6A916A42C22E748007071FF /* InMemoryDataSource.swift in Sources */ = {isa = PBXBuildFile; fileRef = B6A916A32C22E748007071FF /* InMemoryDataSource.swift */; };
		B6A916A62C22E77F007071FF /* DataSourceProtocol.swift in Sources */ = {isa = PBXBuildFile; fileRef = B6A916A52C22E77F007071FF /* DataSourceProtocol.swift */; };
		B6A916A82C22E79B007071FF /* Array+ReplaceOcurrences.swift in Sources */ = {isa = PBXBuildFile; fileRef = B6A916A72C22E79B007071FF /* Array+ReplaceOcurrences.swift */; };
		B6A916AA2C22E818007071FF /* StockSearchLocalRepository.swift in Sources */ = {isa = PBXBuildFile; fileRef = B6A916A92C22E818007071FF /* StockSearchLocalRepository.swift */; };
		B6A916AD2C22F188007071FF /* StockSearchItemViewModelMapper.swift in Sources */ = {isa = PBXBuildFile; fileRef = B6A916AC2C22F187007071FF /* StockSearchItemViewModelMapper.swift */; };
		B6A916AF2C2406C2007071FF /* StockSearchFactory.swift in Sources */ = {isa = PBXBuildFile; fileRef = B6A916AE2C2406C2007071FF /* StockSearchFactory.swift */; };
		B6A916B22C240A05007071FF /* Array+Extensions.swift in Sources */ = {isa = PBXBuildFile; fileRef = B6A916B12C240A05007071FF /* Array+Extensions.swift */; };
		B6A916B42C240A42007071FF /* Randomisation.swift in Sources */ = {isa = PBXBuildFile; fileRef = B6A916B32C240A42007071FF /* Randomisation.swift */; };
		B6A916B62C240A59007071FF /* UnsafeMutableTransferBox.swift in Sources */ = {isa = PBXBuildFile; fileRef = B6A916B52C240A59007071FF /* UnsafeMutableTransferBox.swift */; };
		B6E18AE72C240E66004960AD /* ScreenStatus.swift in Sources */ = {isa = PBXBuildFile; fileRef = B6E18AE62C240E66004960AD /* ScreenStatus.swift */; };
		B6E18AE92C25768D004960AD /* CachedQuotes.swift in Sources */ = {isa = PBXBuildFile; fileRef = B6E18AE82C25768D004960AD /* CachedQuotes.swift */; };
		B6E18AEB2C258D60004960AD /* StocksListRouter.swift in Sources */ = {isa = PBXBuildFile; fileRef = B6E18AEA2C258D60004960AD /* StocksListRouter.swift */; };
		B6E18AED2C25908D004960AD /* MainFactory.swift in Sources */ = {isa = PBXBuildFile; fileRef = B6E18AEC2C25908D004960AD /* MainFactory.swift */; };
		B6E18AF12C25B539004960AD /* AddStockFactory.swift in Sources */ = {isa = PBXBuildFile; fileRef = B6E18AF02C25B539004960AD /* AddStockFactory.swift */; };
		B6E18AF32C25B54F004960AD /* StockSearchRouter.swift in Sources */ = {isa = PBXBuildFile; fileRef = B6E18AF22C25B54F004960AD /* StockSearchRouter.swift */; };
		B6E18AF52C25BA6B004960AD /* AddStockRouter.swift in Sources */ = {isa = PBXBuildFile; fileRef = B6E18AF42C25BA6B004960AD /* AddStockRouter.swift */; };
		B6E18AF72C25BA9A004960AD /* AddStockView.swift in Sources */ = {isa = PBXBuildFile; fileRef = B6E18AF62C25BA9A004960AD /* AddStockView.swift */; };
		B6E18AF92C2AD0CE004960AD /* AddStockViewModel.swift in Sources */ = {isa = PBXBuildFile; fileRef = B6E18AF82C2AD0CE004960AD /* AddStockViewModel.swift */; };
		B6E18AFC2C2AD720004960AD /* StockTransaction.swift in Sources */ = {isa = PBXBuildFile; fileRef = B6E18AFB2C2AD720004960AD /* StockTransaction.swift */; };
		B6E18B012C2AD77A004960AD /* StockTransactionsLocalRepository.swift in Sources */ = {isa = PBXBuildFile; fileRef = B6E18B002C2AD77A004960AD /* StockTransactionsLocalRepository.swift */; };
		B6E18B042C2AF31B004960AD /* RouterProtocol.swift in Sources */ = {isa = PBXBuildFile; fileRef = B6E18B032C2AF31B004960AD /* RouterProtocol.swift */; };
		B6E18B072C2AF76E004960AD /* AddTransactionUseCase.swift in Sources */ = {isa = PBXBuildFile; fileRef = B6E18B062C2AF76E004960AD /* AddTransactionUseCase.swift */; };
		B6E18B092C2AF897004960AD /* CacheDataSource.swift in Sources */ = {isa = PBXBuildFile; fileRef = B6E18B082C2AF897004960AD /* CacheDataSource.swift */; };
		B8F4C26C595682E1AEE7D317 /* Pods_Stonks_StonksUITests.framework in Frameworks */ = {isa = PBXBuildFile; fileRef = C273BD89B95C47E3E84E3DFC /* Pods_Stonks_StonksUITests.framework */; };
/* End PBXBuildFile section */

/* Begin PBXContainerItemProxy section */
		B699C5542C1848A800C10AA0 /* PBXContainerItemProxy */ = {
			isa = PBXContainerItemProxy;
			containerPortal = B699C5352C1848A600C10AA0 /* Project object */;
			proxyType = 1;
			remoteGlobalIDString = B699C53C2C1848A600C10AA0;
			remoteInfo = Stonks;
		};
		B699C55E2C1848A800C10AA0 /* PBXContainerItemProxy */ = {
			isa = PBXContainerItemProxy;
			containerPortal = B699C5352C1848A600C10AA0 /* Project object */;
			proxyType = 1;
			remoteGlobalIDString = B699C53C2C1848A600C10AA0;
			remoteInfo = Stonks;
		};
/* End PBXContainerItemProxy section */

/* Begin PBXFileReference section */
		057DC54E6D8262CFEBF1BFBD /* Pods-Stonks-StonksUITests.release.xcconfig */ = {isa = PBXFileReference; includeInIndex = 1; lastKnownFileType = text.xcconfig; name = "Pods-Stonks-StonksUITests.release.xcconfig"; path = "Target Support Files/Pods-Stonks-StonksUITests/Pods-Stonks-StonksUITests.release.xcconfig"; sourceTree = "<group>"; };
		1399711F65A1702C433857ED /* Pods_StonksTests.framework */ = {isa = PBXFileReference; explicitFileType = wrapper.framework; includeInIndex = 0; path = Pods_StonksTests.framework; sourceTree = BUILT_PRODUCTS_DIR; };
		180F5529091776F75B1D8B05 /* Pods-Stonks.release.xcconfig */ = {isa = PBXFileReference; includeInIndex = 1; lastKnownFileType = text.xcconfig; name = "Pods-Stonks.release.xcconfig"; path = "Target Support Files/Pods-Stonks/Pods-Stonks.release.xcconfig"; sourceTree = "<group>"; };
		1F104D3AF02F42C59F4F74E7 /* Pods_Stonks.framework */ = {isa = PBXFileReference; explicitFileType = wrapper.framework; includeInIndex = 0; path = Pods_Stonks.framework; sourceTree = BUILT_PRODUCTS_DIR; };
		2C064D2637C9D8687A40AF4E /* Pods-Stonks.debug.xcconfig */ = {isa = PBXFileReference; includeInIndex = 1; lastKnownFileType = text.xcconfig; name = "Pods-Stonks.debug.xcconfig"; path = "Target Support Files/Pods-Stonks/Pods-Stonks.debug.xcconfig"; sourceTree = "<group>"; };
		58AA70DBCC684E049D6DCB44 /* Pods-Stonks-StonksUITests.debug.xcconfig */ = {isa = PBXFileReference; includeInIndex = 1; lastKnownFileType = text.xcconfig; name = "Pods-Stonks-StonksUITests.debug.xcconfig"; path = "Target Support Files/Pods-Stonks-StonksUITests/Pods-Stonks-StonksUITests.debug.xcconfig"; sourceTree = "<group>"; };
		9B6E394175CFD564C8C02407 /* Pods-StonksTests.debug.xcconfig */ = {isa = PBXFileReference; includeInIndex = 1; lastKnownFileType = text.xcconfig; name = "Pods-StonksTests.debug.xcconfig"; path = "Target Support Files/Pods-StonksTests/Pods-StonksTests.debug.xcconfig"; sourceTree = "<group>"; };
		A764867B1F7523E1D7D2C1EF /* Pods-StonksTests.release.xcconfig */ = {isa = PBXFileReference; includeInIndex = 1; lastKnownFileType = text.xcconfig; name = "Pods-StonksTests.release.xcconfig"; path = "Target Support Files/Pods-StonksTests/Pods-StonksTests.release.xcconfig"; sourceTree = "<group>"; };
		B61366BA2C1AC3C0006BD2C5 /* RootTabBarController.swift */ = {isa = PBXFileReference; lastKnownFileType = sourcecode.swift; path = RootTabBarController.swift; sourceTree = "<group>"; };
		B61366BC2C1AD00B006BD2C5 /* RootTabBarFactory.swift */ = {isa = PBXFileReference; lastKnownFileType = sourcecode.swift; path = RootTabBarFactory.swift; sourceTree = "<group>"; };
		B61366BF2C1AD1D9006BD2C5 /* StocksListFactory.swift */ = {isa = PBXFileReference; lastKnownFileType = sourcecode.swift; path = StocksListFactory.swift; sourceTree = "<group>"; };
		B61366C52C1ADA9C006BD2C5 /* StocksListView.swift */ = {isa = PBXFileReference; lastKnownFileType = sourcecode.swift; path = StocksListView.swift; sourceTree = "<group>"; };
		B61366C82C217804006BD2C5 /* OwnedStockItemView.swift */ = {isa = PBXFileReference; lastKnownFileType = sourcecode.swift; path = OwnedStockItemView.swift; sourceTree = "<group>"; };
		B61366CA2C217810006BD2C5 /* WatchedStockItemView.swift */ = {isa = PBXFileReference; lastKnownFileType = sourcecode.swift; path = WatchedStockItemView.swift; sourceTree = "<group>"; };
		B61366CC2C21783A006BD2C5 /* StocksListViewModel.swift */ = {isa = PBXFileReference; lastKnownFileType = sourcecode.swift; path = StocksListViewModel.swift; sourceTree = "<group>"; };
		B61366CE2C217AC6006BD2C5 /* StockItemState.swift */ = {isa = PBXFileReference; lastKnownFileType = sourcecode.swift; path = StockItemState.swift; sourceTree = "<group>"; };
		B61366D12C219B45006BD2C5 /* AnimatingCellHeight.swift */ = {isa = PBXFileReference; lastKnownFileType = sourcecode.swift; path = AnimatingCellHeight.swift; sourceTree = "<group>"; };
		B61366D72C21B5CE006BD2C5 /* StockSearchView.swift */ = {isa = PBXFileReference; lastKnownFileType = sourcecode.swift; path = StockSearchView.swift; sourceTree = "<group>"; };
		B61366D92C21B703006BD2C5 /* StockSearchViewModel.swift */ = {isa = PBXFileReference; lastKnownFileType = sourcecode.swift; path = StockSearchViewModel.swift; sourceTree = "<group>"; };
		B61366DB2C21B777006BD2C5 /* StockSearchItemState.swift */ = {isa = PBXFileReference; lastKnownFileType = sourcecode.swift; path = StockSearchItemState.swift; sourceTree = "<group>"; };
		B699C53D2C1848A600C10AA0 /* Stonks.app */ = {isa = PBXFileReference; explicitFileType = wrapper.application; includeInIndex = 0; path = Stonks.app; sourceTree = BUILT_PRODUCTS_DIR; };
		B699C5402C1848A600C10AA0 /* AppDelegate.swift */ = {isa = PBXFileReference; lastKnownFileType = sourcecode.swift; path = AppDelegate.swift; sourceTree = "<group>"; };
		B699C5422C1848A600C10AA0 /* SceneDelegate.swift */ = {isa = PBXFileReference; lastKnownFileType = sourcecode.swift; path = SceneDelegate.swift; sourceTree = "<group>"; };
		B699C5492C1848A800C10AA0 /* Assets.xcassets */ = {isa = PBXFileReference; lastKnownFileType = folder.assetcatalog; path = Assets.xcassets; sourceTree = "<group>"; };
		B699C54C2C1848A800C10AA0 /* Base */ = {isa = PBXFileReference; lastKnownFileType = file.storyboard; name = Base; path = Base.lproj/LaunchScreen.storyboard; sourceTree = "<group>"; };
		B699C54E2C1848A800C10AA0 /* Info.plist */ = {isa = PBXFileReference; lastKnownFileType = text.plist.xml; path = Info.plist; sourceTree = "<group>"; };
		B699C5532C1848A800C10AA0 /* StonksTests.xctest */ = {isa = PBXFileReference; explicitFileType = wrapper.cfbundle; includeInIndex = 0; path = StonksTests.xctest; sourceTree = BUILT_PRODUCTS_DIR; };
		B699C5572C1848A800C10AA0 /* StonksTests.swift */ = {isa = PBXFileReference; lastKnownFileType = sourcecode.swift; path = StonksTests.swift; sourceTree = "<group>"; };
		B699C55D2C1848A800C10AA0 /* StonksUITests.xctest */ = {isa = PBXFileReference; explicitFileType = wrapper.cfbundle; includeInIndex = 0; path = StonksUITests.xctest; sourceTree = BUILT_PRODUCTS_DIR; };
		B699C5612C1848A800C10AA0 /* StonksUITests.swift */ = {isa = PBXFileReference; lastKnownFileType = sourcecode.swift; path = StonksUITests.swift; sourceTree = "<group>"; };
		B699C5632C1848A800C10AA0 /* StonksUITestsLaunchTests.swift */ = {isa = PBXFileReference; lastKnownFileType = sourcecode.swift; path = StonksUITestsLaunchTests.swift; sourceTree = "<group>"; };
		B6A916782C22CA8F007071FF /* HTTPClient.swift */ = {isa = PBXFileReference; lastKnownFileType = sourcecode.swift; path = HTTPClient.swift; sourceTree = "<group>"; };
		B6A9167A2C22CAE0007071FF /* HTTPRequest.swift */ = {isa = PBXFileReference; lastKnownFileType = sourcecode.swift; path = HTTPRequest.swift; sourceTree = "<group>"; };
		B6A9167C2C22CAF3007071FF /* URLRequestBuilder.swift */ = {isa = PBXFileReference; lastKnownFileType = sourcecode.swift; path = URLRequestBuilder.swift; sourceTree = "<group>"; };
		B6A9167E2C22CB09007071FF /* HTTPCode.swift */ = {isa = PBXFileReference; lastKnownFileType = sourcecode.swift; path = HTTPCode.swift; sourceTree = "<group>"; };
		B6A916812C22CB40007071FF /* ApiDefinition.swift */ = {isa = PBXFileReference; lastKnownFileType = sourcecode.swift; path = ApiDefinition.swift; sourceTree = "<group>"; };
		B6A916832C22CBB4007071FF /* FinanceApi.swift */ = {isa = PBXFileReference; lastKnownFileType = sourcecode.swift; path = FinanceApi.swift; sourceTree = "<group>"; };
		B6A916872C22CD0A007071FF /* StockSearchDataSource.swift */ = {isa = PBXFileReference; lastKnownFileType = sourcecode.swift; path = StockSearchDataSource.swift; sourceTree = "<group>"; };
		B6A9168A2C22CD27007071FF /* StockSearchApiResponse.swift */ = {isa = PBXFileReference; lastKnownFileType = sourcecode.swift; path = StockSearchApiResponse.swift; sourceTree = "<group>"; };
		B6A9168D2C22D1C3007071FF /* Quote.swift */ = {isa = PBXFileReference; lastKnownFileType = sourcecode.swift; path = Quote.swift; sourceTree = "<group>"; };
		B6A916902C22D47F007071FF /* QuoteApiMapper.swift */ = {isa = PBXFileReference; lastKnownFileType = sourcecode.swift; path = QuoteApiMapper.swift; sourceTree = "<group>"; };
		B6A916942C22D670007071FF /* Mappable.swift */ = {isa = PBXFileReference; lastKnownFileType = sourcecode.swift; path = Mappable.swift; sourceTree = "<group>"; };
		B6A916962C22E1BA007071FF /* DomainError.swift */ = {isa = PBXFileReference; lastKnownFileType = sourcecode.swift; path = DomainError.swift; sourceTree = "<group>"; };
		B6A9169B2C22E2D2007071FF /* StockSearchRemoteRepository.swift */ = {isa = PBXFileReference; lastKnownFileType = sourcecode.swift; path = StockSearchRemoteRepository.swift; sourceTree = "<group>"; };
		B6A9169D2C22E34D007071FF /* StockSearchFinanceApiDataSource.swift */ = {isa = PBXFileReference; lastKnownFileType = sourcecode.swift; path = StockSearchFinanceApiDataSource.swift; sourceTree = "<group>"; };
		B6A9169F2C22E38B007071FF /* GetQuoteUseCase.swift */ = {isa = PBXFileReference; lastKnownFileType = sourcecode.swift; path = GetQuoteUseCase.swift; sourceTree = "<group>"; };
		B6A916A32C22E748007071FF /* InMemoryDataSource.swift */ = {isa = PBXFileReference; lastKnownFileType = sourcecode.swift; path = InMemoryDataSource.swift; sourceTree = "<group>"; };
		B6A916A52C22E77F007071FF /* DataSourceProtocol.swift */ = {isa = PBXFileReference; lastKnownFileType = sourcecode.swift; path = DataSourceProtocol.swift; sourceTree = "<group>"; };
		B6A916A72C22E79B007071FF /* Array+ReplaceOcurrences.swift */ = {isa = PBXFileReference; lastKnownFileType = sourcecode.swift; path = "Array+ReplaceOcurrences.swift"; sourceTree = "<group>"; };
		B6A916A92C22E818007071FF /* StockSearchLocalRepository.swift */ = {isa = PBXFileReference; lastKnownFileType = sourcecode.swift; path = StockSearchLocalRepository.swift; sourceTree = "<group>"; };
		B6A916AC2C22F187007071FF /* StockSearchItemViewModelMapper.swift */ = {isa = PBXFileReference; lastKnownFileType = sourcecode.swift; path = StockSearchItemViewModelMapper.swift; sourceTree = "<group>"; };
		B6A916AE2C2406C2007071FF /* StockSearchFactory.swift */ = {isa = PBXFileReference; lastKnownFileType = sourcecode.swift; path = StockSearchFactory.swift; sourceTree = "<group>"; };
		B6A916B12C240A05007071FF /* Array+Extensions.swift */ = {isa = PBXFileReference; lastKnownFileType = sourcecode.swift; path = "Array+Extensions.swift"; sourceTree = "<group>"; };
		B6A916B32C240A42007071FF /* Randomisation.swift */ = {isa = PBXFileReference; lastKnownFileType = sourcecode.swift; path = Randomisation.swift; sourceTree = "<group>"; };
		B6A916B52C240A59007071FF /* UnsafeMutableTransferBox.swift */ = {isa = PBXFileReference; lastKnownFileType = sourcecode.swift; path = UnsafeMutableTransferBox.swift; sourceTree = "<group>"; };
		B6E18AE62C240E66004960AD /* ScreenStatus.swift */ = {isa = PBXFileReference; lastKnownFileType = sourcecode.swift; path = ScreenStatus.swift; sourceTree = "<group>"; };
		B6E18AE82C25768D004960AD /* CachedQuotes.swift */ = {isa = PBXFileReference; lastKnownFileType = sourcecode.swift; path = CachedQuotes.swift; sourceTree = "<group>"; };
		B6E18AEA2C258D60004960AD /* StocksListRouter.swift */ = {isa = PBXFileReference; lastKnownFileType = sourcecode.swift; path = StocksListRouter.swift; sourceTree = "<group>"; };
		B6E18AEC2C25908D004960AD /* MainFactory.swift */ = {isa = PBXFileReference; lastKnownFileType = sourcecode.swift; path = MainFactory.swift; sourceTree = "<group>"; };
		B6E18AF02C25B539004960AD /* AddStockFactory.swift */ = {isa = PBXFileReference; lastKnownFileType = sourcecode.swift; path = AddStockFactory.swift; sourceTree = "<group>"; };
		B6E18AF22C25B54F004960AD /* StockSearchRouter.swift */ = {isa = PBXFileReference; lastKnownFileType = sourcecode.swift; path = StockSearchRouter.swift; sourceTree = "<group>"; };
		B6E18AF42C25BA6B004960AD /* AddStockRouter.swift */ = {isa = PBXFileReference; lastKnownFileType = sourcecode.swift; path = AddStockRouter.swift; sourceTree = "<group>"; };
		B6E18AF62C25BA9A004960AD /* AddStockView.swift */ = {isa = PBXFileReference; lastKnownFileType = sourcecode.swift; path = AddStockView.swift; sourceTree = "<group>"; };
		B6E18AF82C2AD0CE004960AD /* AddStockViewModel.swift */ = {isa = PBXFileReference; lastKnownFileType = sourcecode.swift; path = AddStockViewModel.swift; sourceTree = "<group>"; };
		B6E18AFB2C2AD720004960AD /* StockTransaction.swift */ = {isa = PBXFileReference; lastKnownFileType = sourcecode.swift; path = StockTransaction.swift; sourceTree = "<group>"; };
		B6E18B002C2AD77A004960AD /* StockTransactionsLocalRepository.swift */ = {isa = PBXFileReference; lastKnownFileType = sourcecode.swift; path = StockTransactionsLocalRepository.swift; sourceTree = "<group>"; };
		B6E18B032C2AF31B004960AD /* RouterProtocol.swift */ = {isa = PBXFileReference; lastKnownFileType = sourcecode.swift; path = RouterProtocol.swift; sourceTree = "<group>"; };
		B6E18B062C2AF76E004960AD /* AddTransactionUseCase.swift */ = {isa = PBXFileReference; lastKnownFileType = sourcecode.swift; path = AddTransactionUseCase.swift; sourceTree = "<group>"; };
		B6E18B082C2AF897004960AD /* CacheDataSource.swift */ = {isa = PBXFileReference; lastKnownFileType = sourcecode.swift; path = CacheDataSource.swift; sourceTree = "<group>"; };
		C273BD89B95C47E3E84E3DFC /* Pods_Stonks_StonksUITests.framework */ = {isa = PBXFileReference; explicitFileType = wrapper.framework; includeInIndex = 0; path = Pods_Stonks_StonksUITests.framework; sourceTree = BUILT_PRODUCTS_DIR; };
/* End PBXFileReference section */

/* Begin PBXFrameworksBuildPhase section */
		B699C53A2C1848A600C10AA0 /* Frameworks */ = {
			isa = PBXFrameworksBuildPhase;
			buildActionMask = 2147483647;
			files = (
				4D41162AAC4C7E2B9C9109D1 /* Pods_Stonks.framework in Frameworks */,
			);
			runOnlyForDeploymentPostprocessing = 0;
		};
		B699C5502C1848A800C10AA0 /* Frameworks */ = {
			isa = PBXFrameworksBuildPhase;
			buildActionMask = 2147483647;
			files = (
				2140EF9993A858D75017234F /* Pods_StonksTests.framework in Frameworks */,
			);
			runOnlyForDeploymentPostprocessing = 0;
		};
		B699C55A2C1848A800C10AA0 /* Frameworks */ = {
			isa = PBXFrameworksBuildPhase;
			buildActionMask = 2147483647;
			files = (
				B8F4C26C595682E1AEE7D317 /* Pods_Stonks_StonksUITests.framework in Frameworks */,
			);
			runOnlyForDeploymentPostprocessing = 0;
		};
/* End PBXFrameworksBuildPhase section */

/* Begin PBXGroup section */
		525DB3295490EBF0A03CB2FF /* Pods */ = {
			isa = PBXGroup;
			children = (
				2C064D2637C9D8687A40AF4E /* Pods-Stonks.debug.xcconfig */,
				180F5529091776F75B1D8B05 /* Pods-Stonks.release.xcconfig */,
				58AA70DBCC684E049D6DCB44 /* Pods-Stonks-StonksUITests.debug.xcconfig */,
				057DC54E6D8262CFEBF1BFBD /* Pods-Stonks-StonksUITests.release.xcconfig */,
				9B6E394175CFD564C8C02407 /* Pods-StonksTests.debug.xcconfig */,
				A764867B1F7523E1D7D2C1EF /* Pods-StonksTests.release.xcconfig */,
			);
			path = Pods;
			sourceTree = "<group>";
		};
		B61366B92C1AC39E006BD2C5 /* RootTabBar */ = {
			isa = PBXGroup;
			children = (
				B61366C32C1AD24F006BD2C5 /* View */,
				B61366BC2C1AD00B006BD2C5 /* RootTabBarFactory.swift */,
			);
			path = RootTabBar;
			sourceTree = "<group>";
		};
		B61366BE2C1AD1C7006BD2C5 /* StocksList */ = {
			isa = PBXGroup;
			children = (
				B61366C22C1AD238006BD2C5 /* ViewModel */,
				B61366C12C1AD22C006BD2C5 /* View */,
				B61366BF2C1AD1D9006BD2C5 /* StocksListFactory.swift */,
				B6E18AEA2C258D60004960AD /* StocksListRouter.swift */,
			);
			path = StocksList;
			sourceTree = "<group>";
		};
		B61366C12C1AD22C006BD2C5 /* View */ = {
			isa = PBXGroup;
			children = (
				B61366C72C2177C8006BD2C5 /* Components */,
				B61366C52C1ADA9C006BD2C5 /* StocksListView.swift */,
			);
			path = View;
			sourceTree = "<group>";
		};
		B61366C22C1AD238006BD2C5 /* ViewModel */ = {
			isa = PBXGroup;
			children = (
				B61366CC2C21783A006BD2C5 /* StocksListViewModel.swift */,
				B61366CE2C217AC6006BD2C5 /* StockItemState.swift */,
			);
			path = ViewModel;
			sourceTree = "<group>";
		};
		B61366C32C1AD24F006BD2C5 /* View */ = {
			isa = PBXGroup;
			children = (
				B61366BA2C1AC3C0006BD2C5 /* RootTabBarController.swift */,
			);
			path = View;
			sourceTree = "<group>";
		};
		B61366C72C2177C8006BD2C5 /* Components */ = {
			isa = PBXGroup;
			children = (
				B61366C82C217804006BD2C5 /* OwnedStockItemView.swift */,
				B61366CA2C217810006BD2C5 /* WatchedStockItemView.swift */,
			);
			path = Components;
			sourceTree = "<group>";
		};
		B61366D02C219B36006BD2C5 /* ViewModifiers */ = {
			isa = PBXGroup;
			children = (
				B61366D12C219B45006BD2C5 /* AnimatingCellHeight.swift */,
			);
			path = ViewModifiers;
			sourceTree = "<group>";
		};
		B61366D32C21B509006BD2C5 /* StockSearch */ = {
			isa = PBXGroup;
			children = (
				B6A916862C22CCEB007071FF /* Domain */,
				B6A916852C22CCE7007071FF /* Data */,
				B61366D62C21B5BB006BD2C5 /* ViewModel */,
				B61366D52C21B5B5006BD2C5 /* View */,
				B6A916AE2C2406C2007071FF /* StockSearchFactory.swift */,
				B6E18AF22C25B54F004960AD /* StockSearchRouter.swift */,
			);
			path = StockSearch;
			sourceTree = "<group>";
		};
		B61366D42C21B55C006BD2C5 /* AddStock */ = {
			isa = PBXGroup;
			children = (
				B6E18AFE2C2AD753004960AD /* Data */,
				B6E18AFA2C2AD6E8004960AD /* Domain */,
				B6E18AEF2C25B52A004960AD /* View */,
				B6E18AEE2C25B521004960AD /* ViewModel */,
				B6E18AF02C25B539004960AD /* AddStockFactory.swift */,
				B6E18AF42C25BA6B004960AD /* AddStockRouter.swift */,
			);
			path = AddStock;
			sourceTree = "<group>";
		};
		B61366D52C21B5B5006BD2C5 /* View */ = {
			isa = PBXGroup;
			children = (
				B61366D72C21B5CE006BD2C5 /* StockSearchView.swift */,
			);
			path = View;
			sourceTree = "<group>";
		};
		B61366D62C21B5BB006BD2C5 /* ViewModel */ = {
			isa = PBXGroup;
			children = (
				B6A916AB2C22F172007071FF /* Mapper */,
				B61366D92C21B703006BD2C5 /* StockSearchViewModel.swift */,
				B61366DB2C21B777006BD2C5 /* StockSearchItemState.swift */,
			);
			path = ViewModel;
			sourceTree = "<group>";
		};
		B699C5342C1848A600C10AA0 = {
			isa = PBXGroup;
			children = (
				B699C53F2C1848A600C10AA0 /* Stonks */,
				B699C5562C1848A800C10AA0 /* StonksTests */,
				B699C5602C1848A800C10AA0 /* StonksUITests */,
				B699C53E2C1848A600C10AA0 /* Products */,
				525DB3295490EBF0A03CB2FF /* Pods */,
				B720C2E01F2BB72B47F7CA5E /* Frameworks */,
			);
			sourceTree = "<group>";
		};
		B699C53E2C1848A600C10AA0 /* Products */ = {
			isa = PBXGroup;
			children = (
				B699C53D2C1848A600C10AA0 /* Stonks.app */,
				B699C5532C1848A800C10AA0 /* StonksTests.xctest */,
				B699C55D2C1848A800C10AA0 /* StonksUITests.xctest */,
			);
			name = Products;
			sourceTree = "<group>";
		};
		B699C53F2C1848A600C10AA0 /* Stonks */ = {
			isa = PBXGroup;
			children = (
				B699C5722C18493800C10AA0 /* Resources */,
				B699C5712C18492E00C10AA0 /* Application */,
				B699C5702C18492800C10AA0 /* Common */,
				B699C54E2C1848A800C10AA0 /* Info.plist */,
			);
			path = Stonks;
			sourceTree = "<group>";
		};
		B699C5562C1848A800C10AA0 /* StonksTests */ = {
			isa = PBXGroup;
			children = (
				B699C5572C1848A800C10AA0 /* StonksTests.swift */,
			);
			path = StonksTests;
			sourceTree = "<group>";
		};
		B699C5602C1848A800C10AA0 /* StonksUITests */ = {
			isa = PBXGroup;
			children = (
				B699C5612C1848A800C10AA0 /* StonksUITests.swift */,
				B699C5632C1848A800C10AA0 /* StonksUITestsLaunchTests.swift */,
			);
			path = StonksUITests;
			sourceTree = "<group>";
		};
		B699C5702C18492800C10AA0 /* Common */ = {
			isa = PBXGroup;
			children = (
				B6E18B022C2AF30B004960AD /* RouterProtocol */,
				B6E18AE52C240E5C004960AD /* View */,
				B6A916A12C22E71C007071FF /* Data */,
				B6A916922C22D65C007071FF /* Domain */,
				B61366D02C219B36006BD2C5 /* ViewModifiers */,
				B699C5422C1848A600C10AA0 /* SceneDelegate.swift */,
				B699C5402C1848A600C10AA0 /* AppDelegate.swift */,
				B6E18AEC2C25908D004960AD /* MainFactory.swift */,
			);
			path = Common;
			sourceTree = "<group>";
		};
		B699C5712C18492E00C10AA0 /* Application */ = {
			isa = PBXGroup;
			children = (
				B61366D42C21B55C006BD2C5 /* AddStock */,
				B61366D32C21B509006BD2C5 /* StockSearch */,
				B61366BE2C1AD1C7006BD2C5 /* StocksList */,
				B61366B92C1AC39E006BD2C5 /* RootTabBar */,
			);
			path = Application;
			sourceTree = "<group>";
		};
		B699C5722C18493800C10AA0 /* Resources */ = {
			isa = PBXGroup;
			children = (
				B699C5492C1848A800C10AA0 /* Assets.xcassets */,
				B699C54B2C1848A800C10AA0 /* LaunchScreen.storyboard */,
			);
			path = Resources;
			sourceTree = "<group>";
		};
		B6A916762C22C9D2007071FF /* Network */ = {
			isa = PBXGroup;
			children = (
				B6A916802C22CB2B007071FF /* API */,
				B6A916772C22CA81007071FF /* Client */,
			);
			path = Network;
			sourceTree = "<group>";
		};
		B6A916772C22CA81007071FF /* Client */ = {
			isa = PBXGroup;
			children = (
				B6A916812C22CB40007071FF /* ApiDefinition.swift */,
				B6A916782C22CA8F007071FF /* HTTPClient.swift */,
				B6A9167A2C22CAE0007071FF /* HTTPRequest.swift */,
				B6A9167C2C22CAF3007071FF /* URLRequestBuilder.swift */,
				B6A9167E2C22CB09007071FF /* HTTPCode.swift */,
			);
			path = Client;
			sourceTree = "<group>";
		};
		B6A916802C22CB2B007071FF /* API */ = {
			isa = PBXGroup;
			children = (
				B6A916832C22CBB4007071FF /* FinanceApi.swift */,
			);
			path = API;
			sourceTree = "<group>";
		};
		B6A916852C22CCE7007071FF /* Data */ = {
			isa = PBXGroup;
			children = (
				B6A9169A2C22E2BD007071FF /* DataSource */,
				B6A916992C22E2B8007071FF /* Repository */,
				B6A916892C22CD0E007071FF /* Model */,
			);
			path = Data;
			sourceTree = "<group>";
		};
		B6A916862C22CCEB007071FF /* Domain */ = {
			isa = PBXGroup;
			children = (
				B6A916982C22E2B3007071FF /* Use Case */,
				B6A9168F2C22D475007071FF /* Mapper */,
				B6A9168C2C22D1B6007071FF /* Model */,
			);
			path = Domain;
			sourceTree = "<group>";
		};
		B6A916892C22CD0E007071FF /* Model */ = {
			isa = PBXGroup;
			children = (
				B6A9168A2C22CD27007071FF /* StockSearchApiResponse.swift */,
			);
			path = Model;
			sourceTree = "<group>";
		};
		B6A9168C2C22D1B6007071FF /* Model */ = {
			isa = PBXGroup;
			children = (
				B6A9168D2C22D1C3007071FF /* Quote.swift */,
				B6E18AE82C25768D004960AD /* CachedQuotes.swift */,
			);
			path = Model;
			sourceTree = "<group>";
		};
		B6A9168F2C22D475007071FF /* Mapper */ = {
			isa = PBXGroup;
			children = (
				B6A916902C22D47F007071FF /* QuoteApiMapper.swift */,
			);
			path = Mapper;
			sourceTree = "<group>";
		};
		B6A916922C22D65C007071FF /* Domain */ = {
			isa = PBXGroup;
			children = (
				B6A916B02C2409F5007071FF /* Extensions */,
				B6A916932C22D661007071FF /* Protocols */,
				B6A916962C22E1BA007071FF /* DomainError.swift */,
				B6A916B32C240A42007071FF /* Randomisation.swift */,
				B6A916B52C240A59007071FF /* UnsafeMutableTransferBox.swift */,
			);
			path = Domain;
			sourceTree = "<group>";
		};
		B6A916932C22D661007071FF /* Protocols */ = {
			isa = PBXGroup;
			children = (
				B6A916942C22D670007071FF /* Mappable.swift */,
			);
			path = Protocols;
			sourceTree = "<group>";
		};
		B6A916982C22E2B3007071FF /* Use Case */ = {
			isa = PBXGroup;
			children = (
				B6A9169F2C22E38B007071FF /* GetQuoteUseCase.swift */,
			);
			path = "Use Case";
			sourceTree = "<group>";
		};
		B6A916992C22E2B8007071FF /* Repository */ = {
			isa = PBXGroup;
			children = (
				B6A9169B2C22E2D2007071FF /* StockSearchRemoteRepository.swift */,
				B6A916A92C22E818007071FF /* StockSearchLocalRepository.swift */,
			);
			path = Repository;
			sourceTree = "<group>";
		};
		B6A9169A2C22E2BD007071FF /* DataSource */ = {
			isa = PBXGroup;
			children = (
				B6A916872C22CD0A007071FF /* StockSearchDataSource.swift */,
				B6A9169D2C22E34D007071FF /* StockSearchFinanceApiDataSource.swift */,
			);
			path = DataSource;
			sourceTree = "<group>";
		};
		B6A916A12C22E71C007071FF /* Data */ = {
			isa = PBXGroup;
			children = (
				B6A916A22C22E728007071FF /* Local */,
				B6A916762C22C9D2007071FF /* Network */,
			);
			path = Data;
			sourceTree = "<group>";
		};
		B6A916A22C22E728007071FF /* Local */ = {
			isa = PBXGroup;
			children = (
				B6A916A32C22E748007071FF /* InMemoryDataSource.swift */,
				B6A916A52C22E77F007071FF /* DataSourceProtocol.swift */,
				B6E18B082C2AF897004960AD /* CacheDataSource.swift */,
			);
			path = Local;
			sourceTree = "<group>";
		};
		B6A916AB2C22F172007071FF /* Mapper */ = {
			isa = PBXGroup;
			children = (
				B6A916AC2C22F187007071FF /* StockSearchItemViewModelMapper.swift */,
			);
			path = Mapper;
			sourceTree = "<group>";
		};
		B6A916B02C2409F5007071FF /* Extensions */ = {
			isa = PBXGroup;
			children = (
				B6A916A72C22E79B007071FF /* Array+ReplaceOcurrences.swift */,
				B6A916B12C240A05007071FF /* Array+Extensions.swift */,
			);
			path = Extensions;
			sourceTree = "<group>";
		};
		B6E18AE52C240E5C004960AD /* View */ = {
			isa = PBXGroup;
			children = (
				B6E18AE62C240E66004960AD /* ScreenStatus.swift */,
			);
			path = View;
			sourceTree = "<group>";
		};
		B6E18AEE2C25B521004960AD /* ViewModel */ = {
			isa = PBXGroup;
			children = (
				B6E18AF82C2AD0CE004960AD /* AddStockViewModel.swift */,
			);
			path = ViewModel;
			sourceTree = "<group>";
		};
		B6E18AEF2C25B52A004960AD /* View */ = {
			isa = PBXGroup;
			children = (
				B6E18AF62C25BA9A004960AD /* AddStockView.swift */,
			);
			path = View;
			sourceTree = "<group>";
		};
		B6E18AFA2C2AD6E8004960AD /* Domain */ = {
			isa = PBXGroup;
			children = (
				B6E18B052C2AF752004960AD /* Use Case */,
				B6E18AFD2C2AD74B004960AD /* Model */,
			);
			path = Domain;
			sourceTree = "<group>";
		};
		B6E18AFD2C2AD74B004960AD /* Model */ = {
			isa = PBXGroup;
			children = (
				B6E18AFB2C2AD720004960AD /* StockTransaction.swift */,
			);
			path = Model;
			sourceTree = "<group>";
		};
		B6E18AFE2C2AD753004960AD /* Data */ = {
			isa = PBXGroup;
			children = (
				B6E18AFF2C2AD76A004960AD /* Repository */,
			);
			path = Data;
			sourceTree = "<group>";
		};
		B6E18AFF2C2AD76A004960AD /* Repository */ = {
			isa = PBXGroup;
			children = (
				B6E18B002C2AD77A004960AD /* StockTransactionsLocalRepository.swift */,
			);
			path = Repository;
			sourceTree = "<group>";
		};
		B6E18B022C2AF30B004960AD /* RouterProtocol */ = {
			isa = PBXGroup;
			children = (
				B6E18B032C2AF31B004960AD /* RouterProtocol.swift */,
			);
			path = RouterProtocol;
			sourceTree = "<group>";
		};
		B6E18B052C2AF752004960AD /* Use Case */ = {
			isa = PBXGroup;
			children = (
				B6E18B062C2AF76E004960AD /* AddTransactionUseCase.swift */,
			);
			path = "Use Case";
			sourceTree = "<group>";
		};
		B720C2E01F2BB72B47F7CA5E /* Frameworks */ = {
			isa = PBXGroup;
			children = (
				1F104D3AF02F42C59F4F74E7 /* Pods_Stonks.framework */,
				C273BD89B95C47E3E84E3DFC /* Pods_Stonks_StonksUITests.framework */,
				1399711F65A1702C433857ED /* Pods_StonksTests.framework */,
			);
			name = Frameworks;
			sourceTree = "<group>";
		};
/* End PBXGroup section */

/* Begin PBXNativeTarget section */
		B699C53C2C1848A600C10AA0 /* Stonks */ = {
			isa = PBXNativeTarget;
			buildConfigurationList = B699C5672C1848A800C10AA0 /* Build configuration list for PBXNativeTarget "Stonks" */;
			buildPhases = (
				C8419AB6C4F995DC65B7F67B /* [CP] Check Pods Manifest.lock */,
				B699C5392C1848A600C10AA0 /* Sources */,
				B699C53A2C1848A600C10AA0 /* Frameworks */,
				B699C53B2C1848A600C10AA0 /* Resources */,
				3A06929820A671992F1E0174 /* [CP] Embed Pods Frameworks */,
			);
			buildRules = (
			);
			dependencies = (
			);
			name = Stonks;
			productName = Stonks;
			productReference = B699C53D2C1848A600C10AA0 /* Stonks.app */;
			productType = "com.apple.product-type.application";
		};
		B699C5522C1848A800C10AA0 /* StonksTests */ = {
			isa = PBXNativeTarget;
			buildConfigurationList = B699C56A2C1848A800C10AA0 /* Build configuration list for PBXNativeTarget "StonksTests" */;
			buildPhases = (
				D55A8ABB138B163817AA749F /* [CP] Check Pods Manifest.lock */,
				B699C54F2C1848A800C10AA0 /* Sources */,
				B699C5502C1848A800C10AA0 /* Frameworks */,
				B699C5512C1848A800C10AA0 /* Resources */,
			);
			buildRules = (
			);
			dependencies = (
				B699C5552C1848A800C10AA0 /* PBXTargetDependency */,
			);
			name = StonksTests;
			productName = StonksTests;
			productReference = B699C5532C1848A800C10AA0 /* StonksTests.xctest */;
			productType = "com.apple.product-type.bundle.unit-test";
		};
		B699C55C2C1848A800C10AA0 /* StonksUITests */ = {
			isa = PBXNativeTarget;
			buildConfigurationList = B699C56D2C1848A800C10AA0 /* Build configuration list for PBXNativeTarget "StonksUITests" */;
			buildPhases = (
				34F0B51E9F56749D079E1AAB /* [CP] Check Pods Manifest.lock */,
				B699C5592C1848A800C10AA0 /* Sources */,
				B699C55A2C1848A800C10AA0 /* Frameworks */,
				B699C55B2C1848A800C10AA0 /* Resources */,
				AC36FC1ADBCBD33AEEF5BEE8 /* [CP] Embed Pods Frameworks */,
			);
			buildRules = (
			);
			dependencies = (
				B699C55F2C1848A800C10AA0 /* PBXTargetDependency */,
			);
			name = StonksUITests;
			productName = StonksUITests;
			productReference = B699C55D2C1848A800C10AA0 /* StonksUITests.xctest */;
			productType = "com.apple.product-type.bundle.ui-testing";
		};
/* End PBXNativeTarget section */

/* Begin PBXProject section */
		B699C5352C1848A600C10AA0 /* Project object */ = {
			isa = PBXProject;
			attributes = {
				BuildIndependentTargetsInParallel = 1;
				LastSwiftUpdateCheck = 1530;
				LastUpgradeCheck = 1530;
				TargetAttributes = {
					B699C53C2C1848A600C10AA0 = {
						CreatedOnToolsVersion = 15.3;
					};
					B699C5522C1848A800C10AA0 = {
						CreatedOnToolsVersion = 15.3;
						TestTargetID = B699C53C2C1848A600C10AA0;
					};
					B699C55C2C1848A800C10AA0 = {
						CreatedOnToolsVersion = 15.3;
						TestTargetID = B699C53C2C1848A600C10AA0;
					};
				};
			};
			buildConfigurationList = B699C5382C1848A600C10AA0 /* Build configuration list for PBXProject "Stonks" */;
			compatibilityVersion = "Xcode 14.0";
			developmentRegion = en;
			hasScannedForEncodings = 0;
			knownRegions = (
				en,
				Base,
			);
			mainGroup = B699C5342C1848A600C10AA0;
			productRefGroup = B699C53E2C1848A600C10AA0 /* Products */;
			projectDirPath = "";
			projectRoot = "";
			targets = (
				B699C53C2C1848A600C10AA0 /* Stonks */,
				B699C5522C1848A800C10AA0 /* StonksTests */,
				B699C55C2C1848A800C10AA0 /* StonksUITests */,
			);
		};
/* End PBXProject section */

/* Begin PBXResourcesBuildPhase section */
		B699C53B2C1848A600C10AA0 /* Resources */ = {
			isa = PBXResourcesBuildPhase;
			buildActionMask = 2147483647;
			files = (
				B699C54A2C1848A800C10AA0 /* Assets.xcassets in Resources */,
				B699C54D2C1848A800C10AA0 /* Base in Resources */,
			);
			runOnlyForDeploymentPostprocessing = 0;
		};
		B699C5512C1848A800C10AA0 /* Resources */ = {
			isa = PBXResourcesBuildPhase;
			buildActionMask = 2147483647;
			files = (
			);
			runOnlyForDeploymentPostprocessing = 0;
		};
		B699C55B2C1848A800C10AA0 /* Resources */ = {
			isa = PBXResourcesBuildPhase;
			buildActionMask = 2147483647;
			files = (
			);
			runOnlyForDeploymentPostprocessing = 0;
		};
/* End PBXResourcesBuildPhase section */

/* Begin PBXShellScriptBuildPhase section */
		34F0B51E9F56749D079E1AAB /* [CP] Check Pods Manifest.lock */ = {
			isa = PBXShellScriptBuildPhase;
			buildActionMask = 2147483647;
			files = (
			);
			inputFileListPaths = (
			);
			inputPaths = (
				"${PODS_PODFILE_DIR_PATH}/Podfile.lock",
				"${PODS_ROOT}/Manifest.lock",
			);
			name = "[CP] Check Pods Manifest.lock";
			outputFileListPaths = (
			);
			outputPaths = (
				"$(DERIVED_FILE_DIR)/Pods-Stonks-StonksUITests-checkManifestLockResult.txt",
			);
			runOnlyForDeploymentPostprocessing = 0;
			shellPath = /bin/sh;
			shellScript = "diff \"${PODS_PODFILE_DIR_PATH}/Podfile.lock\" \"${PODS_ROOT}/Manifest.lock\" > /dev/null\nif [ $? != 0 ] ; then\n    # print error to STDERR\n    echo \"error: The sandbox is not in sync with the Podfile.lock. Run 'pod install' or update your CocoaPods installation.\" >&2\n    exit 1\nfi\n# This output is used by Xcode 'outputs' to avoid re-running this script phase.\necho \"SUCCESS\" > \"${SCRIPT_OUTPUT_FILE_0}\"\n";
			showEnvVarsInLog = 0;
		};
		3A06929820A671992F1E0174 /* [CP] Embed Pods Frameworks */ = {
			isa = PBXShellScriptBuildPhase;
			buildActionMask = 2147483647;
			files = (
			);
			inputFileListPaths = (
				"${PODS_ROOT}/Target Support Files/Pods-Stonks/Pods-Stonks-frameworks-${CONFIGURATION}-input-files.xcfilelist",
			);
			name = "[CP] Embed Pods Frameworks";
			outputFileListPaths = (
				"${PODS_ROOT}/Target Support Files/Pods-Stonks/Pods-Stonks-frameworks-${CONFIGURATION}-output-files.xcfilelist",
			);
			runOnlyForDeploymentPostprocessing = 0;
			shellPath = /bin/sh;
			shellScript = "\"${PODS_ROOT}/Target Support Files/Pods-Stonks/Pods-Stonks-frameworks.sh\"\n";
			showEnvVarsInLog = 0;
		};
		AC36FC1ADBCBD33AEEF5BEE8 /* [CP] Embed Pods Frameworks */ = {
			isa = PBXShellScriptBuildPhase;
			buildActionMask = 2147483647;
			files = (
			);
			inputFileListPaths = (
				"${PODS_ROOT}/Target Support Files/Pods-Stonks-StonksUITests/Pods-Stonks-StonksUITests-frameworks-${CONFIGURATION}-input-files.xcfilelist",
			);
			name = "[CP] Embed Pods Frameworks";
			outputFileListPaths = (
				"${PODS_ROOT}/Target Support Files/Pods-Stonks-StonksUITests/Pods-Stonks-StonksUITests-frameworks-${CONFIGURATION}-output-files.xcfilelist",
			);
			runOnlyForDeploymentPostprocessing = 0;
			shellPath = /bin/sh;
			shellScript = "\"${PODS_ROOT}/Target Support Files/Pods-Stonks-StonksUITests/Pods-Stonks-StonksUITests-frameworks.sh\"\n";
			showEnvVarsInLog = 0;
		};
		C8419AB6C4F995DC65B7F67B /* [CP] Check Pods Manifest.lock */ = {
			isa = PBXShellScriptBuildPhase;
			buildActionMask = 2147483647;
			files = (
			);
			inputFileListPaths = (
			);
			inputPaths = (
				"${PODS_PODFILE_DIR_PATH}/Podfile.lock",
				"${PODS_ROOT}/Manifest.lock",
			);
			name = "[CP] Check Pods Manifest.lock";
			outputFileListPaths = (
			);
			outputPaths = (
				"$(DERIVED_FILE_DIR)/Pods-Stonks-checkManifestLockResult.txt",
			);
			runOnlyForDeploymentPostprocessing = 0;
			shellPath = /bin/sh;
			shellScript = "diff \"${PODS_PODFILE_DIR_PATH}/Podfile.lock\" \"${PODS_ROOT}/Manifest.lock\" > /dev/null\nif [ $? != 0 ] ; then\n    # print error to STDERR\n    echo \"error: The sandbox is not in sync with the Podfile.lock. Run 'pod install' or update your CocoaPods installation.\" >&2\n    exit 1\nfi\n# This output is used by Xcode 'outputs' to avoid re-running this script phase.\necho \"SUCCESS\" > \"${SCRIPT_OUTPUT_FILE_0}\"\n";
			showEnvVarsInLog = 0;
		};
		D55A8ABB138B163817AA749F /* [CP] Check Pods Manifest.lock */ = {
			isa = PBXShellScriptBuildPhase;
			buildActionMask = 2147483647;
			files = (
			);
			inputFileListPaths = (
			);
			inputPaths = (
				"${PODS_PODFILE_DIR_PATH}/Podfile.lock",
				"${PODS_ROOT}/Manifest.lock",
			);
			name = "[CP] Check Pods Manifest.lock";
			outputFileListPaths = (
			);
			outputPaths = (
				"$(DERIVED_FILE_DIR)/Pods-StonksTests-checkManifestLockResult.txt",
			);
			runOnlyForDeploymentPostprocessing = 0;
			shellPath = /bin/sh;
			shellScript = "diff \"${PODS_PODFILE_DIR_PATH}/Podfile.lock\" \"${PODS_ROOT}/Manifest.lock\" > /dev/null\nif [ $? != 0 ] ; then\n    # print error to STDERR\n    echo \"error: The sandbox is not in sync with the Podfile.lock. Run 'pod install' or update your CocoaPods installation.\" >&2\n    exit 1\nfi\n# This output is used by Xcode 'outputs' to avoid re-running this script phase.\necho \"SUCCESS\" > \"${SCRIPT_OUTPUT_FILE_0}\"\n";
			showEnvVarsInLog = 0;
		};
/* End PBXShellScriptBuildPhase section */

/* Begin PBXSourcesBuildPhase section */
		B699C5392C1848A600C10AA0 /* Sources */ = {
			isa = PBXSourcesBuildPhase;
			buildActionMask = 2147483647;
			files = (
				B6A916AA2C22E818007071FF /* StockSearchLocalRepository.swift in Sources */,
				B61366CB2C217810006BD2C5 /* WatchedStockItemView.swift in Sources */,
				B6A916882C22CD0A007071FF /* StockSearchDataSource.swift in Sources */,
				B6A916972C22E1BA007071FF /* DomainError.swift in Sources */,
				B6E18AF92C2AD0CE004960AD /* AddStockViewModel.swift in Sources */,
				B6A9169E2C22E34D007071FF /* StockSearchFinanceApiDataSource.swift in Sources */,
				B61366D82C21B5CE006BD2C5 /* StockSearchView.swift in Sources */,
				B6A916A62C22E77F007071FF /* DataSourceProtocol.swift in Sources */,
				B61366DA2C21B703006BD2C5 /* StockSearchViewModel.swift in Sources */,
				B6E18AED2C25908D004960AD /* MainFactory.swift in Sources */,
				B6A916912C22D47F007071FF /* QuoteApiMapper.swift in Sources */,
				B6E18AFC2C2AD720004960AD /* StockTransaction.swift in Sources */,
				B61366BB2C1AC3C0006BD2C5 /* RootTabBarController.swift in Sources */,
				B6E18AF72C25BA9A004960AD /* AddStockView.swift in Sources */,
				B6A916AF2C2406C2007071FF /* StockSearchFactory.swift in Sources */,
				B6A916B62C240A59007071FF /* UnsafeMutableTransferBox.swift in Sources */,
				B6E18AE72C240E66004960AD /* ScreenStatus.swift in Sources */,
				B6E18AEB2C258D60004960AD /* StocksListRouter.swift in Sources */,
				B61366C02C1AD1D9006BD2C5 /* StocksListFactory.swift in Sources */,
				B6A9168E2C22D1C3007071FF /* Quote.swift in Sources */,
				B6A9168B2C22CD27007071FF /* StockSearchApiResponse.swift in Sources */,
				B6A9169C2C22E2D2007071FF /* StockSearchRemoteRepository.swift in Sources */,
				B6A916822C22CB40007071FF /* ApiDefinition.swift in Sources */,
				B6A916AD2C22F188007071FF /* StockSearchItemViewModelMapper.swift in Sources */,
				B6A9167B2C22CAE0007071FF /* HTTPRequest.swift in Sources */,
				B61366DC2C21B777006BD2C5 /* StockSearchItemState.swift in Sources */,
				B6A916B22C240A05007071FF /* Array+Extensions.swift in Sources */,
				B6E18AF52C25BA6B004960AD /* AddStockRouter.swift in Sources */,
				B6A916A02C22E38B007071FF /* GetQuoteUseCase.swift in Sources */,
				B61366D22C219B45006BD2C5 /* AnimatingCellHeight.swift in Sources */,
				B6A916842C22CBB4007071FF /* FinanceApi.swift in Sources */,
				B6A916A42C22E748007071FF /* InMemoryDataSource.swift in Sources */,
				B6E18B042C2AF31B004960AD /* RouterProtocol.swift in Sources */,
				B699C5412C1848A600C10AA0 /* AppDelegate.swift in Sources */,
				B6E18B072C2AF76E004960AD /* AddTransactionUseCase.swift in Sources */,
				B61366CD2C21783A006BD2C5 /* StocksListViewModel.swift in Sources */,
				B6A916952C22D670007071FF /* Mappable.swift in Sources */,
				B6A916A82C22E79B007071FF /* Array+ReplaceOcurrences.swift in Sources */,
				B6A9167F2C22CB09007071FF /* HTTPCode.swift in Sources */,
				B6A916B42C240A42007071FF /* Randomisation.swift in Sources */,
				B61366C92C217804006BD2C5 /* OwnedStockItemView.swift in Sources */,
				B61366C62C1ADA9C006BD2C5 /* StocksListView.swift in Sources */,
				B6A9167D2C22CAF3007071FF /* URLRequestBuilder.swift in Sources */,
				B6E18AF32C25B54F004960AD /* StockSearchRouter.swift in Sources */,
				B6A916792C22CA8F007071FF /* HTTPClient.swift in Sources */,
				B61366BD2C1AD00B006BD2C5 /* RootTabBarFactory.swift in Sources */,
				B699C5432C1848A600C10AA0 /* SceneDelegate.swift in Sources */,
				B6E18AE92C25768D004960AD /* CachedQuotes.swift in Sources */,
				B6E18B012C2AD77A004960AD /* StockTransactionsLocalRepository.swift in Sources */,
				B61366CF2C217AC6006BD2C5 /* StockItemState.swift in Sources */,
				B6E18AF12C25B539004960AD /* AddStockFactory.swift in Sources */,
				B6E18B092C2AF897004960AD /* CacheDataSource.swift in Sources */,
			);
			runOnlyForDeploymentPostprocessing = 0;
		};
		B699C54F2C1848A800C10AA0 /* Sources */ = {
			isa = PBXSourcesBuildPhase;
			buildActionMask = 2147483647;
			files = (
				B699C5582C1848A800C10AA0 /* StonksTests.swift in Sources */,
			);
			runOnlyForDeploymentPostprocessing = 0;
		};
		B699C5592C1848A800C10AA0 /* Sources */ = {
			isa = PBXSourcesBuildPhase;
			buildActionMask = 2147483647;
			files = (
				B699C5642C1848A800C10AA0 /* StonksUITestsLaunchTests.swift in Sources */,
				B699C5622C1848A800C10AA0 /* StonksUITests.swift in Sources */,
			);
			runOnlyForDeploymentPostprocessing = 0;
		};
/* End PBXSourcesBuildPhase section */

/* Begin PBXTargetDependency section */
		B699C5552C1848A800C10AA0 /* PBXTargetDependency */ = {
			isa = PBXTargetDependency;
			target = B699C53C2C1848A600C10AA0 /* Stonks */;
			targetProxy = B699C5542C1848A800C10AA0 /* PBXContainerItemProxy */;
		};
		B699C55F2C1848A800C10AA0 /* PBXTargetDependency */ = {
			isa = PBXTargetDependency;
			target = B699C53C2C1848A600C10AA0 /* Stonks */;
			targetProxy = B699C55E2C1848A800C10AA0 /* PBXContainerItemProxy */;
		};
/* End PBXTargetDependency section */

/* Begin PBXVariantGroup section */
		B699C54B2C1848A800C10AA0 /* LaunchScreen.storyboard */ = {
			isa = PBXVariantGroup;
			children = (
				B699C54C2C1848A800C10AA0 /* Base */,
			);
			name = LaunchScreen.storyboard;
			sourceTree = "<group>";
		};
/* End PBXVariantGroup section */

/* Begin XCBuildConfiguration section */
		B699C5652C1848A800C10AA0 /* Debug */ = {
			isa = XCBuildConfiguration;
			buildSettings = {
				ALWAYS_SEARCH_USER_PATHS = NO;
				ASSETCATALOG_COMPILER_GENERATE_SWIFT_ASSET_SYMBOL_EXTENSIONS = YES;
				CLANG_ANALYZER_NONNULL = YES;
				CLANG_ANALYZER_NUMBER_OBJECT_CONVERSION = YES_AGGRESSIVE;
				CLANG_CXX_LANGUAGE_STANDARD = "gnu++20";
				CLANG_ENABLE_MODULES = YES;
				CLANG_ENABLE_OBJC_ARC = YES;
				CLANG_ENABLE_OBJC_WEAK = YES;
				CLANG_WARN_BLOCK_CAPTURE_AUTORELEASING = YES;
				CLANG_WARN_BOOL_CONVERSION = YES;
				CLANG_WARN_COMMA = YES;
				CLANG_WARN_CONSTANT_CONVERSION = YES;
				CLANG_WARN_DEPRECATED_OBJC_IMPLEMENTATIONS = YES;
				CLANG_WARN_DIRECT_OBJC_ISA_USAGE = YES_ERROR;
				CLANG_WARN_DOCUMENTATION_COMMENTS = YES;
				CLANG_WARN_EMPTY_BODY = YES;
				CLANG_WARN_ENUM_CONVERSION = YES;
				CLANG_WARN_INFINITE_RECURSION = YES;
				CLANG_WARN_INT_CONVERSION = YES;
				CLANG_WARN_NON_LITERAL_NULL_CONVERSION = YES;
				CLANG_WARN_OBJC_IMPLICIT_RETAIN_SELF = YES;
				CLANG_WARN_OBJC_LITERAL_CONVERSION = YES;
				CLANG_WARN_OBJC_ROOT_CLASS = YES_ERROR;
				CLANG_WARN_QUOTED_INCLUDE_IN_FRAMEWORK_HEADER = YES;
				CLANG_WARN_RANGE_LOOP_ANALYSIS = YES;
				CLANG_WARN_STRICT_PROTOTYPES = YES;
				CLANG_WARN_SUSPICIOUS_MOVE = YES;
				CLANG_WARN_UNGUARDED_AVAILABILITY = YES_AGGRESSIVE;
				CLANG_WARN_UNREACHABLE_CODE = YES;
				CLANG_WARN__DUPLICATE_METHOD_MATCH = YES;
				COPY_PHASE_STRIP = NO;
				DEBUG_INFORMATION_FORMAT = dwarf;
				ENABLE_STRICT_OBJC_MSGSEND = YES;
				ENABLE_TESTABILITY = YES;
				ENABLE_USER_SCRIPT_SANDBOXING = YES;
				GCC_C_LANGUAGE_STANDARD = gnu17;
				GCC_DYNAMIC_NO_PIC = NO;
				GCC_NO_COMMON_BLOCKS = YES;
				GCC_OPTIMIZATION_LEVEL = 0;
				GCC_PREPROCESSOR_DEFINITIONS = (
					"DEBUG=1",
					"$(inherited)",
				);
				GCC_WARN_64_TO_32_BIT_CONVERSION = YES;
				GCC_WARN_ABOUT_RETURN_TYPE = YES_ERROR;
				GCC_WARN_UNDECLARED_SELECTOR = YES;
				GCC_WARN_UNINITIALIZED_AUTOS = YES_AGGRESSIVE;
				GCC_WARN_UNUSED_FUNCTION = YES;
				GCC_WARN_UNUSED_VARIABLE = YES;
				IPHONEOS_DEPLOYMENT_TARGET = 17.4;
				LOCALIZATION_PREFERS_STRING_CATALOGS = YES;
				MTL_ENABLE_DEBUG_INFO = INCLUDE_SOURCE;
				MTL_FAST_MATH = YES;
				ONLY_ACTIVE_ARCH = YES;
				SDKROOT = iphoneos;
				SWIFT_ACTIVE_COMPILATION_CONDITIONS = "DEBUG $(inherited)";
				SWIFT_OPTIMIZATION_LEVEL = "-Onone";
			};
			name = Debug;
		};
		B699C5662C1848A800C10AA0 /* Release */ = {
			isa = XCBuildConfiguration;
			buildSettings = {
				ALWAYS_SEARCH_USER_PATHS = NO;
				ASSETCATALOG_COMPILER_GENERATE_SWIFT_ASSET_SYMBOL_EXTENSIONS = YES;
				CLANG_ANALYZER_NONNULL = YES;
				CLANG_ANALYZER_NUMBER_OBJECT_CONVERSION = YES_AGGRESSIVE;
				CLANG_CXX_LANGUAGE_STANDARD = "gnu++20";
				CLANG_ENABLE_MODULES = YES;
				CLANG_ENABLE_OBJC_ARC = YES;
				CLANG_ENABLE_OBJC_WEAK = YES;
				CLANG_WARN_BLOCK_CAPTURE_AUTORELEASING = YES;
				CLANG_WARN_BOOL_CONVERSION = YES;
				CLANG_WARN_COMMA = YES;
				CLANG_WARN_CONSTANT_CONVERSION = YES;
				CLANG_WARN_DEPRECATED_OBJC_IMPLEMENTATIONS = YES;
				CLANG_WARN_DIRECT_OBJC_ISA_USAGE = YES_ERROR;
				CLANG_WARN_DOCUMENTATION_COMMENTS = YES;
				CLANG_WARN_EMPTY_BODY = YES;
				CLANG_WARN_ENUM_CONVERSION = YES;
				CLANG_WARN_INFINITE_RECURSION = YES;
				CLANG_WARN_INT_CONVERSION = YES;
				CLANG_WARN_NON_LITERAL_NULL_CONVERSION = YES;
				CLANG_WARN_OBJC_IMPLICIT_RETAIN_SELF = YES;
				CLANG_WARN_OBJC_LITERAL_CONVERSION = YES;
				CLANG_WARN_OBJC_ROOT_CLASS = YES_ERROR;
				CLANG_WARN_QUOTED_INCLUDE_IN_FRAMEWORK_HEADER = YES;
				CLANG_WARN_RANGE_LOOP_ANALYSIS = YES;
				CLANG_WARN_STRICT_PROTOTYPES = YES;
				CLANG_WARN_SUSPICIOUS_MOVE = YES;
				CLANG_WARN_UNGUARDED_AVAILABILITY = YES_AGGRESSIVE;
				CLANG_WARN_UNREACHABLE_CODE = YES;
				CLANG_WARN__DUPLICATE_METHOD_MATCH = YES;
				COPY_PHASE_STRIP = NO;
				DEBUG_INFORMATION_FORMAT = "dwarf-with-dsym";
				ENABLE_NS_ASSERTIONS = NO;
				ENABLE_STRICT_OBJC_MSGSEND = YES;
				ENABLE_USER_SCRIPT_SANDBOXING = YES;
				GCC_C_LANGUAGE_STANDARD = gnu17;
				GCC_NO_COMMON_BLOCKS = YES;
				GCC_WARN_64_TO_32_BIT_CONVERSION = YES;
				GCC_WARN_ABOUT_RETURN_TYPE = YES_ERROR;
				GCC_WARN_UNDECLARED_SELECTOR = YES;
				GCC_WARN_UNINITIALIZED_AUTOS = YES_AGGRESSIVE;
				GCC_WARN_UNUSED_FUNCTION = YES;
				GCC_WARN_UNUSED_VARIABLE = YES;
				IPHONEOS_DEPLOYMENT_TARGET = 17.4;
				LOCALIZATION_PREFERS_STRING_CATALOGS = YES;
				MTL_ENABLE_DEBUG_INFO = NO;
				MTL_FAST_MATH = YES;
				SDKROOT = iphoneos;
				SWIFT_COMPILATION_MODE = wholemodule;
				VALIDATE_PRODUCT = YES;
			};
			name = Release;
		};
		B699C5682C1848A800C10AA0 /* Debug */ = {
			isa = XCBuildConfiguration;
			baseConfigurationReference = 2C064D2637C9D8687A40AF4E /* Pods-Stonks.debug.xcconfig */;
			buildSettings = {
				ASSETCATALOG_COMPILER_APPICON_NAME = AppIcon;
				ASSETCATALOG_COMPILER_GLOBAL_ACCENT_COLOR_NAME = AccentColor;
				CODE_SIGN_STYLE = Automatic;
				CURRENT_PROJECT_VERSION = 1;
				ENABLE_USER_SCRIPT_SANDBOXING = NO;
				GENERATE_INFOPLIST_FILE = YES;
				INFOPLIST_FILE = Stonks/Info.plist;
				INFOPLIST_KEY_UIApplicationSupportsIndirectInputEvents = YES;
				INFOPLIST_KEY_UILaunchStoryboardName = LaunchScreen;
				INFOPLIST_KEY_UISupportedInterfaceOrientations = UIInterfaceOrientationPortrait;
				INFOPLIST_KEY_UISupportedInterfaceOrientations_iPad = "UIInterfaceOrientationLandscapeLeft UIInterfaceOrientationLandscapeRight UIInterfaceOrientationPortrait UIInterfaceOrientationPortraitUpsideDown";
				LD_RUNPATH_SEARCH_PATHS = (
					"$(inherited)",
					"@executable_path/Frameworks",
				);
				MARKETING_VERSION = 1.0;
				PRODUCT_BUNDLE_IDENTIFIER = com.gzafra.Stonks;
				PRODUCT_NAME = "$(TARGET_NAME)";
				SWIFT_EMIT_LOC_STRINGS = YES;
				SWIFT_VERSION = 5.0;
				TARGETED_DEVICE_FAMILY = "1,2";
			};
			name = Debug;
		};
		B699C5692C1848A800C10AA0 /* Release */ = {
			isa = XCBuildConfiguration;
			baseConfigurationReference = 180F5529091776F75B1D8B05 /* Pods-Stonks.release.xcconfig */;
			buildSettings = {
				ASSETCATALOG_COMPILER_APPICON_NAME = AppIcon;
				ASSETCATALOG_COMPILER_GLOBAL_ACCENT_COLOR_NAME = AccentColor;
				CODE_SIGN_STYLE = Automatic;
				CURRENT_PROJECT_VERSION = 1;
				ENABLE_USER_SCRIPT_SANDBOXING = NO;
				GENERATE_INFOPLIST_FILE = YES;
				INFOPLIST_FILE = Stonks/Info.plist;
				INFOPLIST_KEY_UIApplicationSupportsIndirectInputEvents = YES;
				INFOPLIST_KEY_UILaunchStoryboardName = LaunchScreen;
				INFOPLIST_KEY_UISupportedInterfaceOrientations = UIInterfaceOrientationPortrait;
				INFOPLIST_KEY_UISupportedInterfaceOrientations_iPad = "UIInterfaceOrientationLandscapeLeft UIInterfaceOrientationLandscapeRight UIInterfaceOrientationPortrait UIInterfaceOrientationPortraitUpsideDown";
				LD_RUNPATH_SEARCH_PATHS = (
					"$(inherited)",
					"@executable_path/Frameworks",
				);
				MARKETING_VERSION = 1.0;
				PRODUCT_BUNDLE_IDENTIFIER = com.gzafra.Stonks;
				PRODUCT_NAME = "$(TARGET_NAME)";
				SWIFT_EMIT_LOC_STRINGS = YES;
				SWIFT_VERSION = 5.0;
				TARGETED_DEVICE_FAMILY = "1,2";
			};
			name = Release;
		};
		B699C56B2C1848A800C10AA0 /* Debug */ = {
			isa = XCBuildConfiguration;
			baseConfigurationReference = 9B6E394175CFD564C8C02407 /* Pods-StonksTests.debug.xcconfig */;
			buildSettings = {
				ALWAYS_EMBED_SWIFT_STANDARD_LIBRARIES = YES;
				BUNDLE_LOADER = "$(TEST_HOST)";
				CODE_SIGN_STYLE = Automatic;
				CURRENT_PROJECT_VERSION = 1;
				GENERATE_INFOPLIST_FILE = YES;
				IPHONEOS_DEPLOYMENT_TARGET = 17.4;
				MARKETING_VERSION = 1.0;
				PRODUCT_BUNDLE_IDENTIFIER = com.gzafra.StonksTests;
				PRODUCT_NAME = "$(TARGET_NAME)";
				SWIFT_EMIT_LOC_STRINGS = NO;
				SWIFT_VERSION = 5.0;
				TARGETED_DEVICE_FAMILY = "1,2";
				TEST_HOST = "$(BUILT_PRODUCTS_DIR)/Stonks.app/$(BUNDLE_EXECUTABLE_FOLDER_PATH)/Stonks";
			};
			name = Debug;
		};
		B699C56C2C1848A800C10AA0 /* Release */ = {
			isa = XCBuildConfiguration;
			baseConfigurationReference = A764867B1F7523E1D7D2C1EF /* Pods-StonksTests.release.xcconfig */;
			buildSettings = {
				ALWAYS_EMBED_SWIFT_STANDARD_LIBRARIES = YES;
				BUNDLE_LOADER = "$(TEST_HOST)";
				CODE_SIGN_STYLE = Automatic;
				CURRENT_PROJECT_VERSION = 1;
				GENERATE_INFOPLIST_FILE = YES;
				IPHONEOS_DEPLOYMENT_TARGET = 17.4;
				MARKETING_VERSION = 1.0;
				PRODUCT_BUNDLE_IDENTIFIER = com.gzafra.StonksTests;
				PRODUCT_NAME = "$(TARGET_NAME)";
				SWIFT_EMIT_LOC_STRINGS = NO;
				SWIFT_VERSION = 5.0;
				TARGETED_DEVICE_FAMILY = "1,2";
				TEST_HOST = "$(BUILT_PRODUCTS_DIR)/Stonks.app/$(BUNDLE_EXECUTABLE_FOLDER_PATH)/Stonks";
			};
			name = Release;
		};
		B699C56E2C1848A800C10AA0 /* Debug */ = {
			isa = XCBuildConfiguration;
			baseConfigurationReference = 58AA70DBCC684E049D6DCB44 /* Pods-Stonks-StonksUITests.debug.xcconfig */;
			buildSettings = {
				ALWAYS_EMBED_SWIFT_STANDARD_LIBRARIES = YES;
				CODE_SIGN_STYLE = Automatic;
				CURRENT_PROJECT_VERSION = 1;
				ENABLE_USER_SCRIPT_SANDBOXING = NO;
				GENERATE_INFOPLIST_FILE = YES;
				MARKETING_VERSION = 1.0;
				PRODUCT_BUNDLE_IDENTIFIER = com.gzafra.StonksUITests;
				PRODUCT_NAME = "$(TARGET_NAME)";
				SWIFT_EMIT_LOC_STRINGS = NO;
				SWIFT_VERSION = 5.0;
				TARGETED_DEVICE_FAMILY = "1,2";
				TEST_TARGET_NAME = Stonks;
			};
			name = Debug;
		};
		B699C56F2C1848A800C10AA0 /* Release */ = {
			isa = XCBuildConfiguration;
			baseConfigurationReference = 057DC54E6D8262CFEBF1BFBD /* Pods-Stonks-StonksUITests.release.xcconfig */;
			buildSettings = {
				ALWAYS_EMBED_SWIFT_STANDARD_LIBRARIES = YES;
				CODE_SIGN_STYLE = Automatic;
				CURRENT_PROJECT_VERSION = 1;
				ENABLE_USER_SCRIPT_SANDBOXING = NO;
				GENERATE_INFOPLIST_FILE = YES;
				MARKETING_VERSION = 1.0;
				PRODUCT_BUNDLE_IDENTIFIER = com.gzafra.StonksUITests;
				PRODUCT_NAME = "$(TARGET_NAME)";
				SWIFT_EMIT_LOC_STRINGS = NO;
				SWIFT_VERSION = 5.0;
				TARGETED_DEVICE_FAMILY = "1,2";
				TEST_TARGET_NAME = Stonks;
			};
			name = Release;
		};
/* End XCBuildConfiguration section */

/* Begin XCConfigurationList section */
		B699C5382C1848A600C10AA0 /* Build configuration list for PBXProject "Stonks" */ = {
			isa = XCConfigurationList;
			buildConfigurations = (
				B699C5652C1848A800C10AA0 /* Debug */,
				B699C5662C1848A800C10AA0 /* Release */,
			);
			defaultConfigurationIsVisible = 0;
			defaultConfigurationName = Release;
		};
		B699C5672C1848A800C10AA0 /* Build configuration list for PBXNativeTarget "Stonks" */ = {
			isa = XCConfigurationList;
			buildConfigurations = (
				B699C5682C1848A800C10AA0 /* Debug */,
				B699C5692C1848A800C10AA0 /* Release */,
			);
			defaultConfigurationIsVisible = 0;
			defaultConfigurationName = Release;
		};
		B699C56A2C1848A800C10AA0 /* Build configuration list for PBXNativeTarget "StonksTests" */ = {
			isa = XCConfigurationList;
			buildConfigurations = (
				B699C56B2C1848A800C10AA0 /* Debug */,
				B699C56C2C1848A800C10AA0 /* Release */,
			);
			defaultConfigurationIsVisible = 0;
			defaultConfigurationName = Release;
		};
		B699C56D2C1848A800C10AA0 /* Build configuration list for PBXNativeTarget "StonksUITests" */ = {
			isa = XCConfigurationList;
			buildConfigurations = (
				B699C56E2C1848A800C10AA0 /* Debug */,
				B699C56F2C1848A800C10AA0 /* Release */,
			);
			defaultConfigurationIsVisible = 0;
			defaultConfigurationName = Release;
		};
/* End XCConfigurationList section */
	};
	rootObject = B699C5352C1848A600C10AA0 /* Project object */;
}
